
Microsoft Visual Studio Solution File, Format Version 12.00
# Visual Studio Version 17
VisualStudioVersion = 17.0.31919.166
MinimumVisualStudioVersion = 10.0.40219.1
Project("{2150E333-8FDC-42A3-9474-1A3956D46DE8}") = "API", "API", "{A6FEC513-6706-44AF-B200-D40836E32C19}"
EndProject
Project("{9A19103F-16F7-4668-BE54-9A1E7A4F7556}") = "Microsoft.Marketplace.Storefront.Contracts", "API\MicrosoftStore\Microsoft.Marketplace.Storefront.Contracts.csproj", "{7FC21573-6B0F-4B5B-BAE5-AF80546C0D79}"
EndProject
Project("{9A19103F-16F7-4668-BE54-9A1E7A4F7556}") = "FluentStoreAPI", "API\FluentStoreAPI\FluentStoreAPI.csproj", "{9918633D-4C2A-463D-A4CA-C8FC095A820C}"
EndProject
Project("{9A19103F-16F7-4668-BE54-9A1E7A4F7556}") = "FluentStore.ViewModels", "FluentStore.ViewModels\FluentStore.ViewModels.csproj", "{DC3ED84A-983C-42DD-9074-26D7C7E44F90}"
EndProject
Project("{9A19103F-16F7-4668-BE54-9A1E7A4F7556}") = "FluentStore.Services", "FluentStore.Services\FluentStore.Services.csproj", "{C913BCF0-3D85-4B80-AF1B-EEC60033AE47}"
EndProject
Project("{9A19103F-16F7-4668-BE54-9A1E7A4F7556}") = "FluentStore.SDK", "FluentStore.SDK\FluentStore.SDK.csproj", "{3E69F7C4-C118-4E8A-BD1A-093B2196FB95}"
EndProject
Project("{2150E333-8FDC-42A3-9474-1A3956D46DE8}") = "Tests", "Tests", "{56C24CCE-3389-42E0-95F0-30B154BF421B}"
EndProject
Project("{9A19103F-16F7-4668-BE54-9A1E7A4F7556}") = "ChocolateyTests", "Tests\ChocolateyTests\ChocolateyTests.csproj", "{7EC2168E-494D-4710-A659-51C6F4BFE059}"
EndProject
Project("{9A19103F-16F7-4668-BE54-9A1E7A4F7556}") = "Chocolatey", "API\Choco\Chocolatey.csproj", "{B231577F-FAC4-4F2C-ACBB-65EE63C45524}"
EndProject
Project("{9A19103F-16F7-4668-BE54-9A1E7A4F7556}") = "FluentStore.App", "FluentStore.App\FluentStore.App.csproj", "{2438D5E5-D7F9-4577-AA33-802B1828A359}"
EndProject
Project("{9A19103F-16F7-4668-BE54-9A1E7A4F7556}") = "StoreEdgeFD", "API\StoreEdgeFD\StoreEdgeFD.csproj", "{808CA196-0831-47C7-8E38-5F7807C9E705}"
EndProject
Project("{2150E333-8FDC-42A3-9474-1A3956D46DE8}") = "MSStore", "MSStore", "{042B0595-6134-4558-9725-157181F8D185}"
EndProject
Project("{9A19103F-16F7-4668-BE54-9A1E7A4F7556}") = "StoreDownloader", "API\MSStore\StoreDownloader\StoreDownloader.csproj", "{7B55F3FA-67F2-48E6-980C-8F4C563DDF8C}"
EndProject
Project("{C7167F0D-BC9F-4E6E-AFE1-012C56B48DB5}") = "FluentStore.Package", "FluentStore.Package\FluentStore.Package.wapproj", "{0FFF5E63-3ABC-4046-AA12-56835D211BFC}"
EndProject
Project("{2150E333-8FDC-42A3-9474-1A3956D46DE8}") = "Solution Items", "Solution Items", "{41E2F939-BDDF-4735-8820-33BC0449F2DA}"
	ProjectSection(SolutionItems) = preProject
		Directory.Build.props = Directory.Build.props
	EndProjectSection
EndProject
Project("{2150E333-8FDC-42A3-9474-1A3956D46DE8}") = "Sources", "Sources", "{5AEB24F0-A15D-4E57-8498-AE6F8C5A04D0}"
	ProjectSection(SolutionItems) = preProject
		Sources\Directory.Build.props = Sources\Directory.Build.props
		Sources\Directory.Build.targets = Sources\Directory.Build.targets
	EndProjectSection
EndProject
Project("{9A19103F-16F7-4668-BE54-9A1E7A4F7556}") = "FluentStore.Sources.Chocolatey", "Sources\FluentStore.Sources.Chocolatey\FluentStore.Sources.Chocolatey.csproj", "{CD921D66-A3A1-4BC9-89BF-78B16E15A43B}"
EndProject
Project("{9A19103F-16F7-4668-BE54-9A1E7A4F7556}") = "FluentStore.Sources.FluentStore", "Sources\FluentStore.Sources.FluentStore\FluentStore.Sources.FluentStore.csproj", "{0C55CA05-0667-4B24-A1B1-0E3E621D8058}"
EndProject
Project("{9A19103F-16F7-4668-BE54-9A1E7A4F7556}") = "FluentStore.Sources.UwpCommunity", "Sources\FluentStore.Sources.UwpCommunity\FluentStore.Sources.UwpCommunity.csproj", "{B56872B6-8161-42CC-B265-9071C6A98F01}"
EndProject
Project("{9A19103F-16F7-4668-BE54-9A1E7A4F7556}") = "FluentStore.Sources.GitHub", "Sources\FluentStore.Sources.GitHub\FluentStore.Sources.GitHub.csproj", "{26FFC087-0B58-4228-B8F1-C5C2F1F1CEFD}"
EndProject
Project("{9A19103F-16F7-4668-BE54-9A1E7A4F7556}") = "CopyPluginToOutput", "CopyPluginToOutput\CopyPluginToOutput.csproj", "{569FC701-40EB-4A6A-80B6-2D07347B7F3D}"
EndProject
Project("{9A19103F-16F7-4668-BE54-9A1E7A4F7556}") = "OwlCore.WinUI", "OwlCore.WinUI\OwlCore.WinUI.csproj", "{62930A76-B987-4D71-A4C0-A3CE96B1126D}"
EndProject
Project("{9A19103F-16F7-4668-BE54-9A1E7A4F7556}") = "FluentStore.SDK.AbstractUI", "FluentStore.SDK.AbstractUI\FluentStore.SDK.AbstractUI.csproj", "{D1DCDB9C-1F21-4AF6-9392-876FF220B294}"
EndProject
Project("{9A19103F-16F7-4668-BE54-9A1E7A4F7556}") = "WingetTests", "Tests\WinstallTests\WingetTests.csproj", "{C451EE43-D4AE-47B6-BA2E-CBA31F020B1E}"
EndProject
Project("{9A19103F-16F7-4668-BE54-9A1E7A4F7556}") = "PublishTool", "PublishTool\PublishTool.csproj", "{620B2466-7811-48E9-8966-E779D51F19D0}"
EndProject
Project("{9A19103F-16F7-4668-BE54-9A1E7A4F7556}") = "SDKTests", "Tests\SDKTests\SDKTests.csproj", "{3F97BACD-ECA1-4ACF-8F7A-3593B86DA3CE}"
EndProject
Project("{9A19103F-16F7-4668-BE54-9A1E7A4F7556}") = "Cabinet", "API\UUPMediaCreator\src\Cabinet\Cabinet.csproj", "{DDB8877A-E929-485B-BC11-44BA38DF3DDB}"
EndProject
Project("{9A19103F-16F7-4668-BE54-9A1E7A4F7556}") = "UnifiedUpdatePlatform.Services.Composition.Database", "API\UUPMediaCreator\src\CompDB\UnifiedUpdatePlatform.Services.Composition.Database.csproj", "{794970D9-5D70-47A4-91F4-27C4081DAFD3}"
EndProject
Project("{9A19103F-16F7-4668-BE54-9A1E7A4F7556}") = "UnifiedUpdatePlatform.Services.WindowsUpdate.Downloads", "API\UUPMediaCreator\src\UnifiedUpdatePlatform.Services.WindowsUpdate.Downloads\UnifiedUpdatePlatform.Services.WindowsUpdate.Downloads.csproj", "{0611BAD5-C405-45EF-BAEC-C52E50E9791D}"
EndProject
Project("{9A19103F-16F7-4668-BE54-9A1E7A4F7556}") = "UnifiedUpdatePlatform.Services.WindowsUpdate", "API\UUPMediaCreator\src\UnifiedUpdatePlatform.Services.WindowsUpdate\UnifiedUpdatePlatform.Services.WindowsUpdate.csproj", "{3BC41048-0234-4996-82BB-3C98163241D2}"
EndProject
Project("{FAE04EC0-301F-11D3-BF4B-00C04F79EFBC}") = "FluentStore.Sources.Microsoft", "Sources\FluentStore.Sources.Microsoft\FluentStore.Sources.Microsoft.csproj", "{54E80C11-BF74-4A71-8620-1E110C9529C2}"
EndProject
Project("{FAE04EC0-301F-11D3-BF4B-00C04F79EFBC}") = "Scoop", "API\Scoop\Scoop.csproj", "{7F2DEB6A-C57F-4A2C-A5C5-F0DF96F2C248}"
EndProject
Project("{FAE04EC0-301F-11D3-BF4B-00C04F79EFBC}") = "ScoopTests", "Tests\ScoopTests\ScoopTests.csproj", "{7180E2A8-0441-4F74-AB91-D1B962A033A4}"
EndProject
Global
	GlobalSection(SolutionConfigurationPlatforms) = preSolution
		Debug|Any CPU = Debug|Any CPU
		Debug|ARM = Debug|ARM
		Debug|ARM64 = Debug|ARM64
		Debug|x64 = Debug|x64
		Debug|x86 = Debug|x86
		Release|Any CPU = Release|Any CPU
		Release|ARM = Release|ARM
		Release|ARM64 = Release|ARM64
		Release|x64 = Release|x64
		Release|x86 = Release|x86
	EndGlobalSection
	GlobalSection(ProjectConfigurationPlatforms) = postSolution
		{7FC21573-6B0F-4B5B-BAE5-AF80546C0D79}.Debug|Any CPU.ActiveCfg = Debug|Any CPU
		{7FC21573-6B0F-4B5B-BAE5-AF80546C0D79}.Debug|Any CPU.Build.0 = Debug|Any CPU
		{7FC21573-6B0F-4B5B-BAE5-AF80546C0D79}.Debug|ARM.ActiveCfg = Debug|ARM
		{7FC21573-6B0F-4B5B-BAE5-AF80546C0D79}.Debug|ARM.Build.0 = Debug|ARM
		{7FC21573-6B0F-4B5B-BAE5-AF80546C0D79}.Debug|ARM64.ActiveCfg = Debug|ARM64
		{7FC21573-6B0F-4B5B-BAE5-AF80546C0D79}.Debug|ARM64.Build.0 = Debug|ARM64
		{7FC21573-6B0F-4B5B-BAE5-AF80546C0D79}.Debug|x64.ActiveCfg = Debug|x64
		{7FC21573-6B0F-4B5B-BAE5-AF80546C0D79}.Debug|x64.Build.0 = Debug|x64
		{7FC21573-6B0F-4B5B-BAE5-AF80546C0D79}.Debug|x86.ActiveCfg = Debug|x86
		{7FC21573-6B0F-4B5B-BAE5-AF80546C0D79}.Debug|x86.Build.0 = Debug|x86
		{7FC21573-6B0F-4B5B-BAE5-AF80546C0D79}.Release|Any CPU.ActiveCfg = Release|Any CPU
		{7FC21573-6B0F-4B5B-BAE5-AF80546C0D79}.Release|Any CPU.Build.0 = Release|Any CPU
		{7FC21573-6B0F-4B5B-BAE5-AF80546C0D79}.Release|ARM.ActiveCfg = Release|ARM
		{7FC21573-6B0F-4B5B-BAE5-AF80546C0D79}.Release|ARM.Build.0 = Release|ARM
		{7FC21573-6B0F-4B5B-BAE5-AF80546C0D79}.Release|ARM64.ActiveCfg = Release|ARM64
		{7FC21573-6B0F-4B5B-BAE5-AF80546C0D79}.Release|ARM64.Build.0 = Release|ARM64
		{7FC21573-6B0F-4B5B-BAE5-AF80546C0D79}.Release|x64.ActiveCfg = Release|x64
		{7FC21573-6B0F-4B5B-BAE5-AF80546C0D79}.Release|x64.Build.0 = Release|x64
		{7FC21573-6B0F-4B5B-BAE5-AF80546C0D79}.Release|x86.ActiveCfg = Release|x86
		{7FC21573-6B0F-4B5B-BAE5-AF80546C0D79}.Release|x86.Build.0 = Release|x86
		{9918633D-4C2A-463D-A4CA-C8FC095A820C}.Debug|Any CPU.ActiveCfg = Debug|Any CPU
		{9918633D-4C2A-463D-A4CA-C8FC095A820C}.Debug|Any CPU.Build.0 = Debug|Any CPU
		{9918633D-4C2A-463D-A4CA-C8FC095A820C}.Debug|ARM.ActiveCfg = Debug|ARM
		{9918633D-4C2A-463D-A4CA-C8FC095A820C}.Debug|ARM.Build.0 = Debug|ARM
		{9918633D-4C2A-463D-A4CA-C8FC095A820C}.Debug|ARM64.ActiveCfg = Debug|ARM64
		{9918633D-4C2A-463D-A4CA-C8FC095A820C}.Debug|ARM64.Build.0 = Debug|ARM64
		{9918633D-4C2A-463D-A4CA-C8FC095A820C}.Debug|x64.ActiveCfg = Debug|x64
		{9918633D-4C2A-463D-A4CA-C8FC095A820C}.Debug|x64.Build.0 = Debug|x64
		{9918633D-4C2A-463D-A4CA-C8FC095A820C}.Debug|x86.ActiveCfg = Debug|x86
		{9918633D-4C2A-463D-A4CA-C8FC095A820C}.Debug|x86.Build.0 = Debug|x86
		{9918633D-4C2A-463D-A4CA-C8FC095A820C}.Release|Any CPU.ActiveCfg = Release|Any CPU
		{9918633D-4C2A-463D-A4CA-C8FC095A820C}.Release|Any CPU.Build.0 = Release|Any CPU
		{9918633D-4C2A-463D-A4CA-C8FC095A820C}.Release|ARM.ActiveCfg = Release|ARM
		{9918633D-4C2A-463D-A4CA-C8FC095A820C}.Release|ARM.Build.0 = Release|ARM
		{9918633D-4C2A-463D-A4CA-C8FC095A820C}.Release|ARM64.ActiveCfg = Release|ARM64
		{9918633D-4C2A-463D-A4CA-C8FC095A820C}.Release|ARM64.Build.0 = Release|ARM64
		{9918633D-4C2A-463D-A4CA-C8FC095A820C}.Release|x64.ActiveCfg = Release|x64
		{9918633D-4C2A-463D-A4CA-C8FC095A820C}.Release|x64.Build.0 = Release|x64
		{9918633D-4C2A-463D-A4CA-C8FC095A820C}.Release|x86.ActiveCfg = Release|x86
		{9918633D-4C2A-463D-A4CA-C8FC095A820C}.Release|x86.Build.0 = Release|x86
		{DC3ED84A-983C-42DD-9074-26D7C7E44F90}.Debug|Any CPU.ActiveCfg = Debug|Any CPU
		{DC3ED84A-983C-42DD-9074-26D7C7E44F90}.Debug|Any CPU.Build.0 = Debug|Any CPU
		{DC3ED84A-983C-42DD-9074-26D7C7E44F90}.Debug|ARM.ActiveCfg = Debug|Any CPU
		{DC3ED84A-983C-42DD-9074-26D7C7E44F90}.Debug|ARM.Build.0 = Debug|Any CPU
		{DC3ED84A-983C-42DD-9074-26D7C7E44F90}.Debug|ARM64.ActiveCfg = Debug|ARM64
		{DC3ED84A-983C-42DD-9074-26D7C7E44F90}.Debug|ARM64.Build.0 = Debug|ARM64
		{DC3ED84A-983C-42DD-9074-26D7C7E44F90}.Debug|x64.ActiveCfg = Debug|x64
		{DC3ED84A-983C-42DD-9074-26D7C7E44F90}.Debug|x64.Build.0 = Debug|x64
		{DC3ED84A-983C-42DD-9074-26D7C7E44F90}.Debug|x86.ActiveCfg = Debug|x86
		{DC3ED84A-983C-42DD-9074-26D7C7E44F90}.Debug|x86.Build.0 = Debug|x86
		{DC3ED84A-983C-42DD-9074-26D7C7E44F90}.Release|Any CPU.ActiveCfg = Release|Any CPU
		{DC3ED84A-983C-42DD-9074-26D7C7E44F90}.Release|Any CPU.Build.0 = Release|Any CPU
		{DC3ED84A-983C-42DD-9074-26D7C7E44F90}.Release|ARM.ActiveCfg = Release|x86
		{DC3ED84A-983C-42DD-9074-26D7C7E44F90}.Release|ARM.Build.0 = Release|x86
		{DC3ED84A-983C-42DD-9074-26D7C7E44F90}.Release|ARM64.ActiveCfg = Release|ARM64
		{DC3ED84A-983C-42DD-9074-26D7C7E44F90}.Release|ARM64.Build.0 = Release|ARM64
		{DC3ED84A-983C-42DD-9074-26D7C7E44F90}.Release|x64.ActiveCfg = Release|x64
		{DC3ED84A-983C-42DD-9074-26D7C7E44F90}.Release|x64.Build.0 = Release|x64
		{DC3ED84A-983C-42DD-9074-26D7C7E44F90}.Release|x86.ActiveCfg = Release|x86
		{DC3ED84A-983C-42DD-9074-26D7C7E44F90}.Release|x86.Build.0 = Release|x86
		{C913BCF0-3D85-4B80-AF1B-EEC60033AE47}.Debug|Any CPU.ActiveCfg = Debug|Any CPU
		{C913BCF0-3D85-4B80-AF1B-EEC60033AE47}.Debug|Any CPU.Build.0 = Debug|Any CPU
		{C913BCF0-3D85-4B80-AF1B-EEC60033AE47}.Debug|ARM.ActiveCfg = Debug|ARM
		{C913BCF0-3D85-4B80-AF1B-EEC60033AE47}.Debug|ARM.Build.0 = Debug|ARM
		{C913BCF0-3D85-4B80-AF1B-EEC60033AE47}.Debug|ARM64.ActiveCfg = Debug|ARM64
		{C913BCF0-3D85-4B80-AF1B-EEC60033AE47}.Debug|ARM64.Build.0 = Debug|ARM64
		{C913BCF0-3D85-4B80-AF1B-EEC60033AE47}.Debug|x64.ActiveCfg = Debug|x64
		{C913BCF0-3D85-4B80-AF1B-EEC60033AE47}.Debug|x64.Build.0 = Debug|x64
		{C913BCF0-3D85-4B80-AF1B-EEC60033AE47}.Debug|x86.ActiveCfg = Debug|x86
		{C913BCF0-3D85-4B80-AF1B-EEC60033AE47}.Debug|x86.Build.0 = Debug|x86
		{C913BCF0-3D85-4B80-AF1B-EEC60033AE47}.Release|Any CPU.ActiveCfg = Release|Any CPU
		{C913BCF0-3D85-4B80-AF1B-EEC60033AE47}.Release|Any CPU.Build.0 = Release|Any CPU
		{C913BCF0-3D85-4B80-AF1B-EEC60033AE47}.Release|ARM.ActiveCfg = Release|Any CPU
		{C913BCF0-3D85-4B80-AF1B-EEC60033AE47}.Release|ARM.Build.0 = Release|Any CPU
		{C913BCF0-3D85-4B80-AF1B-EEC60033AE47}.Release|ARM64.ActiveCfg = Release|ARM64
		{C913BCF0-3D85-4B80-AF1B-EEC60033AE47}.Release|ARM64.Build.0 = Release|ARM64
		{C913BCF0-3D85-4B80-AF1B-EEC60033AE47}.Release|x64.ActiveCfg = Release|x64
		{C913BCF0-3D85-4B80-AF1B-EEC60033AE47}.Release|x64.Build.0 = Release|x64
		{C913BCF0-3D85-4B80-AF1B-EEC60033AE47}.Release|x86.ActiveCfg = Release|x86
		{C913BCF0-3D85-4B80-AF1B-EEC60033AE47}.Release|x86.Build.0 = Release|x86
		{3E69F7C4-C118-4E8A-BD1A-093B2196FB95}.Debug|Any CPU.ActiveCfg = Debug|Any CPU
		{3E69F7C4-C118-4E8A-BD1A-093B2196FB95}.Debug|Any CPU.Build.0 = Debug|Any CPU
		{3E69F7C4-C118-4E8A-BD1A-093B2196FB95}.Debug|ARM.ActiveCfg = Debug|ARM
		{3E69F7C4-C118-4E8A-BD1A-093B2196FB95}.Debug|ARM.Build.0 = Debug|ARM
		{3E69F7C4-C118-4E8A-BD1A-093B2196FB95}.Debug|ARM64.ActiveCfg = Debug|ARM64
		{3E69F7C4-C118-4E8A-BD1A-093B2196FB95}.Debug|ARM64.Build.0 = Debug|ARM64
		{3E69F7C4-C118-4E8A-BD1A-093B2196FB95}.Debug|x64.ActiveCfg = Debug|x64
		{3E69F7C4-C118-4E8A-BD1A-093B2196FB95}.Debug|x64.Build.0 = Debug|x64
		{3E69F7C4-C118-4E8A-BD1A-093B2196FB95}.Debug|x86.ActiveCfg = Debug|x86
		{3E69F7C4-C118-4E8A-BD1A-093B2196FB95}.Debug|x86.Build.0 = Debug|x86
		{3E69F7C4-C118-4E8A-BD1A-093B2196FB95}.Release|Any CPU.ActiveCfg = Release|Any CPU
		{3E69F7C4-C118-4E8A-BD1A-093B2196FB95}.Release|Any CPU.Build.0 = Release|Any CPU
		{3E69F7C4-C118-4E8A-BD1A-093B2196FB95}.Release|ARM.ActiveCfg = Release|Any CPU
		{3E69F7C4-C118-4E8A-BD1A-093B2196FB95}.Release|ARM.Build.0 = Release|Any CPU
		{3E69F7C4-C118-4E8A-BD1A-093B2196FB95}.Release|ARM64.ActiveCfg = Release|ARM64
		{3E69F7C4-C118-4E8A-BD1A-093B2196FB95}.Release|ARM64.Build.0 = Release|ARM64
		{3E69F7C4-C118-4E8A-BD1A-093B2196FB95}.Release|x64.ActiveCfg = Release|x64
		{3E69F7C4-C118-4E8A-BD1A-093B2196FB95}.Release|x64.Build.0 = Release|x64
		{3E69F7C4-C118-4E8A-BD1A-093B2196FB95}.Release|x86.ActiveCfg = Release|x86
		{3E69F7C4-C118-4E8A-BD1A-093B2196FB95}.Release|x86.Build.0 = Release|x86
		{7EC2168E-494D-4710-A659-51C6F4BFE059}.Debug|Any CPU.ActiveCfg = Debug|Any CPU
		{7EC2168E-494D-4710-A659-51C6F4BFE059}.Debug|Any CPU.Build.0 = Debug|Any CPU
		{7EC2168E-494D-4710-A659-51C6F4BFE059}.Debug|ARM.ActiveCfg = Debug|Any CPU
		{7EC2168E-494D-4710-A659-51C6F4BFE059}.Debug|ARM.Build.0 = Debug|Any CPU
		{7EC2168E-494D-4710-A659-51C6F4BFE059}.Debug|ARM64.ActiveCfg = Debug|Any CPU
		{7EC2168E-494D-4710-A659-51C6F4BFE059}.Debug|ARM64.Build.0 = Debug|Any CPU
		{7EC2168E-494D-4710-A659-51C6F4BFE059}.Debug|x64.ActiveCfg = Debug|Any CPU
		{7EC2168E-494D-4710-A659-51C6F4BFE059}.Debug|x64.Build.0 = Debug|Any CPU
		{7EC2168E-494D-4710-A659-51C6F4BFE059}.Debug|x86.ActiveCfg = Debug|Any CPU
		{7EC2168E-494D-4710-A659-51C6F4BFE059}.Debug|x86.Build.0 = Debug|Any CPU
		{7EC2168E-494D-4710-A659-51C6F4BFE059}.Release|Any CPU.ActiveCfg = Release|Any CPU
		{7EC2168E-494D-4710-A659-51C6F4BFE059}.Release|Any CPU.Build.0 = Release|Any CPU
		{7EC2168E-494D-4710-A659-51C6F4BFE059}.Release|ARM.ActiveCfg = Release|Any CPU
		{7EC2168E-494D-4710-A659-51C6F4BFE059}.Release|ARM.Build.0 = Release|Any CPU
		{7EC2168E-494D-4710-A659-51C6F4BFE059}.Release|ARM64.ActiveCfg = Release|Any CPU
		{7EC2168E-494D-4710-A659-51C6F4BFE059}.Release|ARM64.Build.0 = Release|Any CPU
		{7EC2168E-494D-4710-A659-51C6F4BFE059}.Release|x64.ActiveCfg = Release|Any CPU
		{7EC2168E-494D-4710-A659-51C6F4BFE059}.Release|x64.Build.0 = Release|Any CPU
		{7EC2168E-494D-4710-A659-51C6F4BFE059}.Release|x86.ActiveCfg = Release|Any CPU
		{7EC2168E-494D-4710-A659-51C6F4BFE059}.Release|x86.Build.0 = Release|Any CPU
		{B231577F-FAC4-4F2C-ACBB-65EE63C45524}.Debug|Any CPU.ActiveCfg = Debug|Any CPU
		{B231577F-FAC4-4F2C-ACBB-65EE63C45524}.Debug|Any CPU.Build.0 = Debug|Any CPU
		{B231577F-FAC4-4F2C-ACBB-65EE63C45524}.Debug|ARM.ActiveCfg = Debug|ARM
		{B231577F-FAC4-4F2C-ACBB-65EE63C45524}.Debug|ARM.Build.0 = Debug|ARM
		{B231577F-FAC4-4F2C-ACBB-65EE63C45524}.Debug|ARM64.ActiveCfg = Debug|ARM64
		{B231577F-FAC4-4F2C-ACBB-65EE63C45524}.Debug|ARM64.Build.0 = Debug|ARM64
		{B231577F-FAC4-4F2C-ACBB-65EE63C45524}.Debug|x64.ActiveCfg = Debug|x64
		{B231577F-FAC4-4F2C-ACBB-65EE63C45524}.Debug|x64.Build.0 = Debug|x64
		{B231577F-FAC4-4F2C-ACBB-65EE63C45524}.Debug|x86.ActiveCfg = Debug|x86
		{B231577F-FAC4-4F2C-ACBB-65EE63C45524}.Debug|x86.Build.0 = Debug|x86
		{B231577F-FAC4-4F2C-ACBB-65EE63C45524}.Release|Any CPU.ActiveCfg = Release|Any CPU
		{B231577F-FAC4-4F2C-ACBB-65EE63C45524}.Release|Any CPU.Build.0 = Release|Any CPU
		{B231577F-FAC4-4F2C-ACBB-65EE63C45524}.Release|ARM.ActiveCfg = Release|ARM
		{B231577F-FAC4-4F2C-ACBB-65EE63C45524}.Release|ARM.Build.0 = Release|ARM
		{B231577F-FAC4-4F2C-ACBB-65EE63C45524}.Release|ARM64.ActiveCfg = Release|ARM64
		{B231577F-FAC4-4F2C-ACBB-65EE63C45524}.Release|ARM64.Build.0 = Release|ARM64
		{B231577F-FAC4-4F2C-ACBB-65EE63C45524}.Release|x64.ActiveCfg = Release|x64
		{B231577F-FAC4-4F2C-ACBB-65EE63C45524}.Release|x64.Build.0 = Release|x64
		{B231577F-FAC4-4F2C-ACBB-65EE63C45524}.Release|x86.ActiveCfg = Release|x86
		{B231577F-FAC4-4F2C-ACBB-65EE63C45524}.Release|x86.Build.0 = Release|x86
		{2438D5E5-D7F9-4577-AA33-802B1828A359}.Debug|Any CPU.ActiveCfg = Debug|x86
		{2438D5E5-D7F9-4577-AA33-802B1828A359}.Debug|ARM.ActiveCfg = Debug|x86
		{2438D5E5-D7F9-4577-AA33-802B1828A359}.Debug|ARM64.ActiveCfg = Debug|arm64
		{2438D5E5-D7F9-4577-AA33-802B1828A359}.Debug|ARM64.Build.0 = Debug|arm64
		{2438D5E5-D7F9-4577-AA33-802B1828A359}.Debug|ARM64.Deploy.0 = Debug|arm64
		{2438D5E5-D7F9-4577-AA33-802B1828A359}.Debug|x64.ActiveCfg = Debug|x64
		{2438D5E5-D7F9-4577-AA33-802B1828A359}.Debug|x64.Build.0 = Debug|x64
		{2438D5E5-D7F9-4577-AA33-802B1828A359}.Debug|x64.Deploy.0 = Debug|x64
		{2438D5E5-D7F9-4577-AA33-802B1828A359}.Debug|x86.ActiveCfg = Debug|x86
		{2438D5E5-D7F9-4577-AA33-802B1828A359}.Debug|x86.Build.0 = Debug|x86
		{2438D5E5-D7F9-4577-AA33-802B1828A359}.Debug|x86.Deploy.0 = Debug|x86
		{2438D5E5-D7F9-4577-AA33-802B1828A359}.Release|Any CPU.ActiveCfg = Release|x86
		{2438D5E5-D7F9-4577-AA33-802B1828A359}.Release|ARM.ActiveCfg = Release|x86
		{2438D5E5-D7F9-4577-AA33-802B1828A359}.Release|ARM64.ActiveCfg = Release|arm64
		{2438D5E5-D7F9-4577-AA33-802B1828A359}.Release|ARM64.Build.0 = Release|arm64
		{2438D5E5-D7F9-4577-AA33-802B1828A359}.Release|ARM64.Deploy.0 = Release|arm64
		{2438D5E5-D7F9-4577-AA33-802B1828A359}.Release|x64.ActiveCfg = Release|x64
		{2438D5E5-D7F9-4577-AA33-802B1828A359}.Release|x64.Build.0 = Release|x64
		{2438D5E5-D7F9-4577-AA33-802B1828A359}.Release|x64.Deploy.0 = Release|x64
		{2438D5E5-D7F9-4577-AA33-802B1828A359}.Release|x86.ActiveCfg = Release|x86
		{2438D5E5-D7F9-4577-AA33-802B1828A359}.Release|x86.Build.0 = Release|x86
		{2438D5E5-D7F9-4577-AA33-802B1828A359}.Release|x86.Deploy.0 = Release|x86
		{808CA196-0831-47C7-8E38-5F7807C9E705}.Debug|Any CPU.ActiveCfg = Debug|Any CPU
		{808CA196-0831-47C7-8E38-5F7807C9E705}.Debug|Any CPU.Build.0 = Debug|Any CPU
		{808CA196-0831-47C7-8E38-5F7807C9E705}.Debug|ARM.ActiveCfg = Debug|Any CPU
		{808CA196-0831-47C7-8E38-5F7807C9E705}.Debug|ARM.Build.0 = Debug|Any CPU
		{808CA196-0831-47C7-8E38-5F7807C9E705}.Debug|ARM64.ActiveCfg = Debug|ARM64
		{808CA196-0831-47C7-8E38-5F7807C9E705}.Debug|ARM64.Build.0 = Debug|ARM64
		{808CA196-0831-47C7-8E38-5F7807C9E705}.Debug|x64.ActiveCfg = Debug|Any CPU
		{808CA196-0831-47C7-8E38-5F7807C9E705}.Debug|x64.Build.0 = Debug|Any CPU
		{808CA196-0831-47C7-8E38-5F7807C9E705}.Debug|x86.ActiveCfg = Debug|x86
		{808CA196-0831-47C7-8E38-5F7807C9E705}.Debug|x86.Build.0 = Debug|x86
		{808CA196-0831-47C7-8E38-5F7807C9E705}.Release|Any CPU.ActiveCfg = Release|Any CPU
		{808CA196-0831-47C7-8E38-5F7807C9E705}.Release|Any CPU.Build.0 = Release|Any CPU
		{808CA196-0831-47C7-8E38-5F7807C9E705}.Release|ARM.ActiveCfg = Release|ARM
		{808CA196-0831-47C7-8E38-5F7807C9E705}.Release|ARM.Build.0 = Release|ARM
		{808CA196-0831-47C7-8E38-5F7807C9E705}.Release|ARM64.ActiveCfg = Release|ARM64
		{808CA196-0831-47C7-8E38-5F7807C9E705}.Release|ARM64.Build.0 = Release|ARM64
		{808CA196-0831-47C7-8E38-5F7807C9E705}.Release|x64.ActiveCfg = Release|x64
		{808CA196-0831-47C7-8E38-5F7807C9E705}.Release|x64.Build.0 = Release|x64
		{808CA196-0831-47C7-8E38-5F7807C9E705}.Release|x86.ActiveCfg = Release|x86
		{808CA196-0831-47C7-8E38-5F7807C9E705}.Release|x86.Build.0 = Release|x86
		{7B55F3FA-67F2-48E6-980C-8F4C563DDF8C}.Debug|Any CPU.ActiveCfg = Debug|Any CPU
		{7B55F3FA-67F2-48E6-980C-8F4C563DDF8C}.Debug|Any CPU.Build.0 = Debug|Any CPU
		{7B55F3FA-67F2-48E6-980C-8F4C563DDF8C}.Debug|ARM.ActiveCfg = Debug|Any CPU
		{7B55F3FA-67F2-48E6-980C-8F4C563DDF8C}.Debug|ARM.Build.0 = Debug|Any CPU
		{7B55F3FA-67F2-48E6-980C-8F4C563DDF8C}.Debug|ARM64.ActiveCfg = Debug|Any CPU
		{7B55F3FA-67F2-48E6-980C-8F4C563DDF8C}.Debug|ARM64.Build.0 = Debug|Any CPU
		{7B55F3FA-67F2-48E6-980C-8F4C563DDF8C}.Debug|x64.ActiveCfg = Debug|Any CPU
		{7B55F3FA-67F2-48E6-980C-8F4C563DDF8C}.Debug|x64.Build.0 = Debug|Any CPU
		{7B55F3FA-67F2-48E6-980C-8F4C563DDF8C}.Debug|x86.ActiveCfg = Debug|Any CPU
		{7B55F3FA-67F2-48E6-980C-8F4C563DDF8C}.Debug|x86.Build.0 = Debug|Any CPU
		{7B55F3FA-67F2-48E6-980C-8F4C563DDF8C}.Release|Any CPU.ActiveCfg = Release|Any CPU
		{7B55F3FA-67F2-48E6-980C-8F4C563DDF8C}.Release|Any CPU.Build.0 = Release|Any CPU
		{7B55F3FA-67F2-48E6-980C-8F4C563DDF8C}.Release|ARM.ActiveCfg = Release|Any CPU
		{7B55F3FA-67F2-48E6-980C-8F4C563DDF8C}.Release|ARM.Build.0 = Release|Any CPU
		{7B55F3FA-67F2-48E6-980C-8F4C563DDF8C}.Release|ARM64.ActiveCfg = Release|Any CPU
		{7B55F3FA-67F2-48E6-980C-8F4C563DDF8C}.Release|ARM64.Build.0 = Release|Any CPU
		{7B55F3FA-67F2-48E6-980C-8F4C563DDF8C}.Release|x64.ActiveCfg = Release|Any CPU
		{7B55F3FA-67F2-48E6-980C-8F4C563DDF8C}.Release|x64.Build.0 = Release|Any CPU
		{7B55F3FA-67F2-48E6-980C-8F4C563DDF8C}.Release|x86.ActiveCfg = Release|Any CPU
		{7B55F3FA-67F2-48E6-980C-8F4C563DDF8C}.Release|x86.Build.0 = Release|Any CPU
		{0FFF5E63-3ABC-4046-AA12-56835D211BFC}.Debug|Any CPU.ActiveCfg = Debug|Any CPU
		{0FFF5E63-3ABC-4046-AA12-56835D211BFC}.Debug|Any CPU.Build.0 = Debug|Any CPU
		{0FFF5E63-3ABC-4046-AA12-56835D211BFC}.Debug|Any CPU.Deploy.0 = Debug|Any CPU
		{0FFF5E63-3ABC-4046-AA12-56835D211BFC}.Debug|ARM.ActiveCfg = Debug|ARM
		{0FFF5E63-3ABC-4046-AA12-56835D211BFC}.Debug|ARM.Build.0 = Debug|ARM
		{0FFF5E63-3ABC-4046-AA12-56835D211BFC}.Debug|ARM.Deploy.0 = Debug|ARM
		{0FFF5E63-3ABC-4046-AA12-56835D211BFC}.Debug|ARM64.ActiveCfg = Debug|ARM64
		{0FFF5E63-3ABC-4046-AA12-56835D211BFC}.Debug|ARM64.Build.0 = Debug|ARM64
		{0FFF5E63-3ABC-4046-AA12-56835D211BFC}.Debug|ARM64.Deploy.0 = Debug|ARM64
		{0FFF5E63-3ABC-4046-AA12-56835D211BFC}.Debug|x64.ActiveCfg = Debug|x64
		{0FFF5E63-3ABC-4046-AA12-56835D211BFC}.Debug|x64.Build.0 = Debug|x64
		{0FFF5E63-3ABC-4046-AA12-56835D211BFC}.Debug|x64.Deploy.0 = Debug|x64
		{0FFF5E63-3ABC-4046-AA12-56835D211BFC}.Debug|x86.ActiveCfg = Debug|x86
		{0FFF5E63-3ABC-4046-AA12-56835D211BFC}.Debug|x86.Build.0 = Debug|x86
		{0FFF5E63-3ABC-4046-AA12-56835D211BFC}.Debug|x86.Deploy.0 = Debug|x86
		{0FFF5E63-3ABC-4046-AA12-56835D211BFC}.Release|Any CPU.ActiveCfg = Release|Any CPU
		{0FFF5E63-3ABC-4046-AA12-56835D211BFC}.Release|Any CPU.Build.0 = Release|Any CPU
		{0FFF5E63-3ABC-4046-AA12-56835D211BFC}.Release|Any CPU.Deploy.0 = Release|Any CPU
		{0FFF5E63-3ABC-4046-AA12-56835D211BFC}.Release|ARM.ActiveCfg = Release|ARM
		{0FFF5E63-3ABC-4046-AA12-56835D211BFC}.Release|ARM.Build.0 = Release|ARM
		{0FFF5E63-3ABC-4046-AA12-56835D211BFC}.Release|ARM.Deploy.0 = Release|ARM
		{0FFF5E63-3ABC-4046-AA12-56835D211BFC}.Release|ARM64.ActiveCfg = Release|ARM64
		{0FFF5E63-3ABC-4046-AA12-56835D211BFC}.Release|ARM64.Build.0 = Release|ARM64
		{0FFF5E63-3ABC-4046-AA12-56835D211BFC}.Release|ARM64.Deploy.0 = Release|ARM64
		{0FFF5E63-3ABC-4046-AA12-56835D211BFC}.Release|x64.ActiveCfg = Release|x64
		{0FFF5E63-3ABC-4046-AA12-56835D211BFC}.Release|x64.Build.0 = Release|x64
		{0FFF5E63-3ABC-4046-AA12-56835D211BFC}.Release|x64.Deploy.0 = Release|x64
		{0FFF5E63-3ABC-4046-AA12-56835D211BFC}.Release|x86.ActiveCfg = Release|x86
		{0FFF5E63-3ABC-4046-AA12-56835D211BFC}.Release|x86.Build.0 = Release|x86
		{0FFF5E63-3ABC-4046-AA12-56835D211BFC}.Release|x86.Deploy.0 = Release|x86
		{CD921D66-A3A1-4BC9-89BF-78B16E15A43B}.Debug|Any CPU.ActiveCfg = Debug|x64
		{CD921D66-A3A1-4BC9-89BF-78B16E15A43B}.Debug|Any CPU.Build.0 = Debug|x64
		{CD921D66-A3A1-4BC9-89BF-78B16E15A43B}.Debug|ARM.ActiveCfg = Debug|ARM
		{CD921D66-A3A1-4BC9-89BF-78B16E15A43B}.Debug|ARM.Build.0 = Debug|ARM
		{CD921D66-A3A1-4BC9-89BF-78B16E15A43B}.Debug|ARM64.ActiveCfg = Debug|ARM64
		{CD921D66-A3A1-4BC9-89BF-78B16E15A43B}.Debug|ARM64.Build.0 = Debug|ARM64
		{CD921D66-A3A1-4BC9-89BF-78B16E15A43B}.Debug|x64.ActiveCfg = Debug|x64
		{CD921D66-A3A1-4BC9-89BF-78B16E15A43B}.Debug|x64.Build.0 = Debug|x64
		{CD921D66-A3A1-4BC9-89BF-78B16E15A43B}.Debug|x86.ActiveCfg = Debug|x86
		{CD921D66-A3A1-4BC9-89BF-78B16E15A43B}.Debug|x86.Build.0 = Debug|x86
		{CD921D66-A3A1-4BC9-89BF-78B16E15A43B}.Release|Any CPU.ActiveCfg = Release|Any CPU
		{CD921D66-A3A1-4BC9-89BF-78B16E15A43B}.Release|Any CPU.Build.0 = Release|Any CPU
		{CD921D66-A3A1-4BC9-89BF-78B16E15A43B}.Release|ARM.ActiveCfg = Release|x86
		{CD921D66-A3A1-4BC9-89BF-78B16E15A43B}.Release|ARM.Build.0 = Release|x86
		{CD921D66-A3A1-4BC9-89BF-78B16E15A43B}.Release|ARM64.ActiveCfg = Release|ARM64
		{CD921D66-A3A1-4BC9-89BF-78B16E15A43B}.Release|ARM64.Build.0 = Release|ARM64
		{CD921D66-A3A1-4BC9-89BF-78B16E15A43B}.Release|x64.ActiveCfg = Release|x64
		{CD921D66-A3A1-4BC9-89BF-78B16E15A43B}.Release|x64.Build.0 = Release|x64
		{CD921D66-A3A1-4BC9-89BF-78B16E15A43B}.Release|x86.ActiveCfg = Release|x86
		{CD921D66-A3A1-4BC9-89BF-78B16E15A43B}.Release|x86.Build.0 = Release|x86
		{0C55CA05-0667-4B24-A1B1-0E3E621D8058}.Debug|Any CPU.ActiveCfg = Debug|x64
		{0C55CA05-0667-4B24-A1B1-0E3E621D8058}.Debug|Any CPU.Build.0 = Debug|x64
		{0C55CA05-0667-4B24-A1B1-0E3E621D8058}.Debug|ARM.ActiveCfg = Debug|ARM
		{0C55CA05-0667-4B24-A1B1-0E3E621D8058}.Debug|ARM.Build.0 = Debug|ARM
		{0C55CA05-0667-4B24-A1B1-0E3E621D8058}.Debug|ARM64.ActiveCfg = Debug|ARM64
		{0C55CA05-0667-4B24-A1B1-0E3E621D8058}.Debug|ARM64.Build.0 = Debug|ARM64
		{0C55CA05-0667-4B24-A1B1-0E3E621D8058}.Debug|x64.ActiveCfg = Debug|x64
		{0C55CA05-0667-4B24-A1B1-0E3E621D8058}.Debug|x64.Build.0 = Debug|x64
		{0C55CA05-0667-4B24-A1B1-0E3E621D8058}.Debug|x86.ActiveCfg = Debug|x86
		{0C55CA05-0667-4B24-A1B1-0E3E621D8058}.Debug|x86.Build.0 = Debug|x86
		{0C55CA05-0667-4B24-A1B1-0E3E621D8058}.Release|Any CPU.ActiveCfg = Release|Any CPU
		{0C55CA05-0667-4B24-A1B1-0E3E621D8058}.Release|Any CPU.Build.0 = Release|Any CPU
		{0C55CA05-0667-4B24-A1B1-0E3E621D8058}.Release|ARM.ActiveCfg = Release|x86
		{0C55CA05-0667-4B24-A1B1-0E3E621D8058}.Release|ARM.Build.0 = Release|x86
		{0C55CA05-0667-4B24-A1B1-0E3E621D8058}.Release|ARM64.ActiveCfg = Release|ARM64
		{0C55CA05-0667-4B24-A1B1-0E3E621D8058}.Release|ARM64.Build.0 = Release|ARM64
		{0C55CA05-0667-4B24-A1B1-0E3E621D8058}.Release|x64.ActiveCfg = Release|x64
		{0C55CA05-0667-4B24-A1B1-0E3E621D8058}.Release|x64.Build.0 = Release|x64
		{0C55CA05-0667-4B24-A1B1-0E3E621D8058}.Release|x86.ActiveCfg = Release|x86
		{0C55CA05-0667-4B24-A1B1-0E3E621D8058}.Release|x86.Build.0 = Release|x86
		{B56872B6-8161-42CC-B265-9071C6A98F01}.Debug|Any CPU.ActiveCfg = Debug|x64
		{B56872B6-8161-42CC-B265-9071C6A98F01}.Debug|Any CPU.Build.0 = Debug|x64
		{B56872B6-8161-42CC-B265-9071C6A98F01}.Debug|ARM.ActiveCfg = Debug|ARM
		{B56872B6-8161-42CC-B265-9071C6A98F01}.Debug|ARM.Build.0 = Debug|ARM
		{B56872B6-8161-42CC-B265-9071C6A98F01}.Debug|ARM64.ActiveCfg = Debug|ARM64
		{B56872B6-8161-42CC-B265-9071C6A98F01}.Debug|ARM64.Build.0 = Debug|ARM64
		{B56872B6-8161-42CC-B265-9071C6A98F01}.Debug|x64.ActiveCfg = Debug|x64
		{B56872B6-8161-42CC-B265-9071C6A98F01}.Debug|x64.Build.0 = Debug|x64
		{B56872B6-8161-42CC-B265-9071C6A98F01}.Debug|x86.ActiveCfg = Debug|x86
		{B56872B6-8161-42CC-B265-9071C6A98F01}.Debug|x86.Build.0 = Debug|x86
		{B56872B6-8161-42CC-B265-9071C6A98F01}.Release|Any CPU.ActiveCfg = Release|Any CPU
		{B56872B6-8161-42CC-B265-9071C6A98F01}.Release|Any CPU.Build.0 = Release|Any CPU
		{B56872B6-8161-42CC-B265-9071C6A98F01}.Release|ARM.ActiveCfg = Release|x86
		{B56872B6-8161-42CC-B265-9071C6A98F01}.Release|ARM.Build.0 = Release|x86
		{B56872B6-8161-42CC-B265-9071C6A98F01}.Release|ARM64.ActiveCfg = Release|ARM64
		{B56872B6-8161-42CC-B265-9071C6A98F01}.Release|ARM64.Build.0 = Release|ARM64
		{B56872B6-8161-42CC-B265-9071C6A98F01}.Release|x64.ActiveCfg = Release|x64
		{B56872B6-8161-42CC-B265-9071C6A98F01}.Release|x64.Build.0 = Release|x64
		{B56872B6-8161-42CC-B265-9071C6A98F01}.Release|x86.ActiveCfg = Release|x86
		{B56872B6-8161-42CC-B265-9071C6A98F01}.Release|x86.Build.0 = Release|x86
		{26FFC087-0B58-4228-B8F1-C5C2F1F1CEFD}.Debug|Any CPU.ActiveCfg = Debug|x64
		{26FFC087-0B58-4228-B8F1-C5C2F1F1CEFD}.Debug|Any CPU.Build.0 = Debug|x64
		{26FFC087-0B58-4228-B8F1-C5C2F1F1CEFD}.Debug|ARM.ActiveCfg = Debug|ARM
		{26FFC087-0B58-4228-B8F1-C5C2F1F1CEFD}.Debug|ARM.Build.0 = Debug|ARM
		{26FFC087-0B58-4228-B8F1-C5C2F1F1CEFD}.Debug|ARM64.ActiveCfg = Debug|ARM64
		{26FFC087-0B58-4228-B8F1-C5C2F1F1CEFD}.Debug|ARM64.Build.0 = Debug|ARM64
		{26FFC087-0B58-4228-B8F1-C5C2F1F1CEFD}.Debug|x64.ActiveCfg = Debug|x64
		{26FFC087-0B58-4228-B8F1-C5C2F1F1CEFD}.Debug|x64.Build.0 = Debug|x64
		{26FFC087-0B58-4228-B8F1-C5C2F1F1CEFD}.Debug|x86.ActiveCfg = Debug|x86
		{26FFC087-0B58-4228-B8F1-C5C2F1F1CEFD}.Debug|x86.Build.0 = Debug|x86
		{26FFC087-0B58-4228-B8F1-C5C2F1F1CEFD}.Release|Any CPU.ActiveCfg = Release|Any CPU
		{26FFC087-0B58-4228-B8F1-C5C2F1F1CEFD}.Release|Any CPU.Build.0 = Release|Any CPU
		{26FFC087-0B58-4228-B8F1-C5C2F1F1CEFD}.Release|ARM.ActiveCfg = Release|x86
		{26FFC087-0B58-4228-B8F1-C5C2F1F1CEFD}.Release|ARM.Build.0 = Release|x86
		{26FFC087-0B58-4228-B8F1-C5C2F1F1CEFD}.Release|ARM64.ActiveCfg = Release|ARM64
		{26FFC087-0B58-4228-B8F1-C5C2F1F1CEFD}.Release|ARM64.Build.0 = Release|ARM64
		{26FFC087-0B58-4228-B8F1-C5C2F1F1CEFD}.Release|x64.ActiveCfg = Release|x64
		{26FFC087-0B58-4228-B8F1-C5C2F1F1CEFD}.Release|x64.Build.0 = Release|x64
		{26FFC087-0B58-4228-B8F1-C5C2F1F1CEFD}.Release|x86.ActiveCfg = Release|x86
		{26FFC087-0B58-4228-B8F1-C5C2F1F1CEFD}.Release|x86.Build.0 = Release|x86
		{569FC701-40EB-4A6A-80B6-2D07347B7F3D}.Debug|Any CPU.ActiveCfg = Debug|Any CPU
		{569FC701-40EB-4A6A-80B6-2D07347B7F3D}.Debug|Any CPU.Build.0 = Debug|Any CPU
		{569FC701-40EB-4A6A-80B6-2D07347B7F3D}.Debug|ARM.ActiveCfg = Debug|Any CPU
		{569FC701-40EB-4A6A-80B6-2D07347B7F3D}.Debug|ARM.Build.0 = Debug|Any CPU
		{569FC701-40EB-4A6A-80B6-2D07347B7F3D}.Debug|ARM64.ActiveCfg = Debug|Any CPU
		{569FC701-40EB-4A6A-80B6-2D07347B7F3D}.Debug|ARM64.Build.0 = Debug|Any CPU
		{569FC701-40EB-4A6A-80B6-2D07347B7F3D}.Debug|x64.ActiveCfg = Debug|Any CPU
		{569FC701-40EB-4A6A-80B6-2D07347B7F3D}.Debug|x64.Build.0 = Debug|Any CPU
		{569FC701-40EB-4A6A-80B6-2D07347B7F3D}.Debug|x86.ActiveCfg = Debug|Any CPU
		{569FC701-40EB-4A6A-80B6-2D07347B7F3D}.Debug|x86.Build.0 = Debug|Any CPU
		{569FC701-40EB-4A6A-80B6-2D07347B7F3D}.Release|Any CPU.ActiveCfg = Release|Any CPU
		{569FC701-40EB-4A6A-80B6-2D07347B7F3D}.Release|Any CPU.Build.0 = Release|Any CPU
		{569FC701-40EB-4A6A-80B6-2D07347B7F3D}.Release|ARM.ActiveCfg = Release|Any CPU
		{569FC701-40EB-4A6A-80B6-2D07347B7F3D}.Release|ARM.Build.0 = Release|Any CPU
		{569FC701-40EB-4A6A-80B6-2D07347B7F3D}.Release|ARM64.ActiveCfg = Release|Any CPU
		{569FC701-40EB-4A6A-80B6-2D07347B7F3D}.Release|ARM64.Build.0 = Release|Any CPU
		{569FC701-40EB-4A6A-80B6-2D07347B7F3D}.Release|x64.ActiveCfg = Release|Any CPU
		{569FC701-40EB-4A6A-80B6-2D07347B7F3D}.Release|x64.Build.0 = Release|Any CPU
		{569FC701-40EB-4A6A-80B6-2D07347B7F3D}.Release|x86.ActiveCfg = Release|Any CPU
		{569FC701-40EB-4A6A-80B6-2D07347B7F3D}.Release|x86.Build.0 = Release|Any CPU
		{62930A76-B987-4D71-A4C0-A3CE96B1126D}.Debug|Any CPU.ActiveCfg = Debug|x86
		{62930A76-B987-4D71-A4C0-A3CE96B1126D}.Debug|Any CPU.Build.0 = Debug|x86
		{62930A76-B987-4D71-A4C0-A3CE96B1126D}.Debug|ARM.ActiveCfg = Debug|x86
		{62930A76-B987-4D71-A4C0-A3CE96B1126D}.Debug|ARM.Build.0 = Debug|x86
		{62930A76-B987-4D71-A4C0-A3CE96B1126D}.Debug|ARM64.ActiveCfg = Debug|ARM64
		{62930A76-B987-4D71-A4C0-A3CE96B1126D}.Debug|ARM64.Build.0 = Debug|ARM64
		{62930A76-B987-4D71-A4C0-A3CE96B1126D}.Debug|x64.ActiveCfg = Debug|x64
		{62930A76-B987-4D71-A4C0-A3CE96B1126D}.Debug|x64.Build.0 = Debug|x64
		{62930A76-B987-4D71-A4C0-A3CE96B1126D}.Debug|x86.ActiveCfg = Debug|x86
		{62930A76-B987-4D71-A4C0-A3CE96B1126D}.Debug|x86.Build.0 = Debug|x86
		{62930A76-B987-4D71-A4C0-A3CE96B1126D}.Release|Any CPU.ActiveCfg = Release|Any CPU
		{62930A76-B987-4D71-A4C0-A3CE96B1126D}.Release|Any CPU.Build.0 = Release|Any CPU
		{62930A76-B987-4D71-A4C0-A3CE96B1126D}.Release|ARM.ActiveCfg = Release|x86
		{62930A76-B987-4D71-A4C0-A3CE96B1126D}.Release|ARM.Build.0 = Release|x86
		{62930A76-B987-4D71-A4C0-A3CE96B1126D}.Release|ARM64.ActiveCfg = Release|ARM64
		{62930A76-B987-4D71-A4C0-A3CE96B1126D}.Release|ARM64.Build.0 = Release|ARM64
		{62930A76-B987-4D71-A4C0-A3CE96B1126D}.Release|x64.ActiveCfg = Release|x64
		{62930A76-B987-4D71-A4C0-A3CE96B1126D}.Release|x64.Build.0 = Release|x64
		{62930A76-B987-4D71-A4C0-A3CE96B1126D}.Release|x86.ActiveCfg = Release|x86
		{62930A76-B987-4D71-A4C0-A3CE96B1126D}.Release|x86.Build.0 = Release|x86
		{D1DCDB9C-1F21-4AF6-9392-876FF220B294}.Debug|Any CPU.ActiveCfg = Debug|Any CPU
		{D1DCDB9C-1F21-4AF6-9392-876FF220B294}.Debug|Any CPU.Build.0 = Debug|Any CPU
		{D1DCDB9C-1F21-4AF6-9392-876FF220B294}.Debug|ARM.ActiveCfg = Debug|ARM
		{D1DCDB9C-1F21-4AF6-9392-876FF220B294}.Debug|ARM.Build.0 = Debug|ARM
		{D1DCDB9C-1F21-4AF6-9392-876FF220B294}.Debug|ARM64.ActiveCfg = Debug|ARM64
		{D1DCDB9C-1F21-4AF6-9392-876FF220B294}.Debug|ARM64.Build.0 = Debug|ARM64
		{D1DCDB9C-1F21-4AF6-9392-876FF220B294}.Debug|x64.ActiveCfg = Debug|x64
		{D1DCDB9C-1F21-4AF6-9392-876FF220B294}.Debug|x64.Build.0 = Debug|x64
		{D1DCDB9C-1F21-4AF6-9392-876FF220B294}.Debug|x86.ActiveCfg = Debug|x86
		{D1DCDB9C-1F21-4AF6-9392-876FF220B294}.Debug|x86.Build.0 = Debug|x86
		{D1DCDB9C-1F21-4AF6-9392-876FF220B294}.Release|Any CPU.ActiveCfg = Release|Any CPU
		{D1DCDB9C-1F21-4AF6-9392-876FF220B294}.Release|Any CPU.Build.0 = Release|Any CPU
		{D1DCDB9C-1F21-4AF6-9392-876FF220B294}.Release|ARM.ActiveCfg = Release|ARM
		{D1DCDB9C-1F21-4AF6-9392-876FF220B294}.Release|ARM.Build.0 = Release|ARM
		{D1DCDB9C-1F21-4AF6-9392-876FF220B294}.Release|ARM64.ActiveCfg = Release|ARM64
		{D1DCDB9C-1F21-4AF6-9392-876FF220B294}.Release|ARM64.Build.0 = Release|ARM64
		{D1DCDB9C-1F21-4AF6-9392-876FF220B294}.Release|x64.ActiveCfg = Release|x64
		{D1DCDB9C-1F21-4AF6-9392-876FF220B294}.Release|x64.Build.0 = Release|x64
		{D1DCDB9C-1F21-4AF6-9392-876FF220B294}.Release|x86.ActiveCfg = Release|x86
		{D1DCDB9C-1F21-4AF6-9392-876FF220B294}.Release|x86.Build.0 = Release|x86
		{C451EE43-D4AE-47B6-BA2E-CBA31F020B1E}.Debug|Any CPU.ActiveCfg = Debug|Any CPU
		{C451EE43-D4AE-47B6-BA2E-CBA31F020B1E}.Debug|Any CPU.Build.0 = Debug|Any CPU
		{C451EE43-D4AE-47B6-BA2E-CBA31F020B1E}.Debug|ARM.ActiveCfg = Debug|Any CPU
		{C451EE43-D4AE-47B6-BA2E-CBA31F020B1E}.Debug|ARM.Build.0 = Debug|Any CPU
		{C451EE43-D4AE-47B6-BA2E-CBA31F020B1E}.Debug|ARM64.ActiveCfg = Debug|Any CPU
		{C451EE43-D4AE-47B6-BA2E-CBA31F020B1E}.Debug|ARM64.Build.0 = Debug|Any CPU
		{C451EE43-D4AE-47B6-BA2E-CBA31F020B1E}.Debug|x64.ActiveCfg = Debug|Any CPU
		{C451EE43-D4AE-47B6-BA2E-CBA31F020B1E}.Debug|x64.Build.0 = Debug|Any CPU
		{C451EE43-D4AE-47B6-BA2E-CBA31F020B1E}.Debug|x86.ActiveCfg = Debug|Any CPU
		{C451EE43-D4AE-47B6-BA2E-CBA31F020B1E}.Debug|x86.Build.0 = Debug|Any CPU
		{C451EE43-D4AE-47B6-BA2E-CBA31F020B1E}.Release|Any CPU.ActiveCfg = Release|Any CPU
		{C451EE43-D4AE-47B6-BA2E-CBA31F020B1E}.Release|Any CPU.Build.0 = Release|Any CPU
		{C451EE43-D4AE-47B6-BA2E-CBA31F020B1E}.Release|ARM.ActiveCfg = Release|Any CPU
		{C451EE43-D4AE-47B6-BA2E-CBA31F020B1E}.Release|ARM.Build.0 = Release|Any CPU
		{C451EE43-D4AE-47B6-BA2E-CBA31F020B1E}.Release|ARM64.ActiveCfg = Release|Any CPU
		{C451EE43-D4AE-47B6-BA2E-CBA31F020B1E}.Release|ARM64.Build.0 = Release|Any CPU
		{C451EE43-D4AE-47B6-BA2E-CBA31F020B1E}.Release|x64.ActiveCfg = Release|Any CPU
		{C451EE43-D4AE-47B6-BA2E-CBA31F020B1E}.Release|x64.Build.0 = Release|Any CPU
		{C451EE43-D4AE-47B6-BA2E-CBA31F020B1E}.Release|x86.ActiveCfg = Release|Any CPU
		{C451EE43-D4AE-47B6-BA2E-CBA31F020B1E}.Release|x86.Build.0 = Release|Any CPU
		{620B2466-7811-48E9-8966-E779D51F19D0}.Debug|Any CPU.ActiveCfg = Debug|Any CPU
		{620B2466-7811-48E9-8966-E779D51F19D0}.Debug|Any CPU.Build.0 = Debug|Any CPU
		{620B2466-7811-48E9-8966-E779D51F19D0}.Debug|ARM.ActiveCfg = Debug|Any CPU
		{620B2466-7811-48E9-8966-E779D51F19D0}.Debug|ARM.Build.0 = Debug|Any CPU
		{620B2466-7811-48E9-8966-E779D51F19D0}.Debug|ARM64.ActiveCfg = Debug|ARM64
		{620B2466-7811-48E9-8966-E779D51F19D0}.Debug|ARM64.Build.0 = Debug|ARM64
		{620B2466-7811-48E9-8966-E779D51F19D0}.Debug|x64.ActiveCfg = Debug|x64
		{620B2466-7811-48E9-8966-E779D51F19D0}.Debug|x64.Build.0 = Debug|x64
		{620B2466-7811-48E9-8966-E779D51F19D0}.Debug|x86.ActiveCfg = Debug|x86
		{620B2466-7811-48E9-8966-E779D51F19D0}.Debug|x86.Build.0 = Debug|x86
		{620B2466-7811-48E9-8966-E779D51F19D0}.Release|Any CPU.ActiveCfg = Release|Any CPU
		{620B2466-7811-48E9-8966-E779D51F19D0}.Release|Any CPU.Build.0 = Release|Any CPU
		{620B2466-7811-48E9-8966-E779D51F19D0}.Release|ARM.ActiveCfg = Release|Any CPU
		{620B2466-7811-48E9-8966-E779D51F19D0}.Release|ARM.Build.0 = Release|Any CPU
		{620B2466-7811-48E9-8966-E779D51F19D0}.Release|ARM64.ActiveCfg = Release|ARM64
		{620B2466-7811-48E9-8966-E779D51F19D0}.Release|ARM64.Build.0 = Release|ARM64
		{620B2466-7811-48E9-8966-E779D51F19D0}.Release|x64.ActiveCfg = Release|x64
		{620B2466-7811-48E9-8966-E779D51F19D0}.Release|x64.Build.0 = Release|x64
		{620B2466-7811-48E9-8966-E779D51F19D0}.Release|x86.ActiveCfg = Release|x86
		{620B2466-7811-48E9-8966-E779D51F19D0}.Release|x86.Build.0 = Release|x86
		{3F97BACD-ECA1-4ACF-8F7A-3593B86DA3CE}.Debug|Any CPU.ActiveCfg = Debug|Any CPU
		{3F97BACD-ECA1-4ACF-8F7A-3593B86DA3CE}.Debug|Any CPU.Build.0 = Debug|Any CPU
		{3F97BACD-ECA1-4ACF-8F7A-3593B86DA3CE}.Debug|ARM.ActiveCfg = Debug|Any CPU
		{3F97BACD-ECA1-4ACF-8F7A-3593B86DA3CE}.Debug|ARM.Build.0 = Debug|Any CPU
		{3F97BACD-ECA1-4ACF-8F7A-3593B86DA3CE}.Debug|ARM64.ActiveCfg = Debug|Any CPU
		{3F97BACD-ECA1-4ACF-8F7A-3593B86DA3CE}.Debug|ARM64.Build.0 = Debug|Any CPU
		{3F97BACD-ECA1-4ACF-8F7A-3593B86DA3CE}.Debug|x64.ActiveCfg = Debug|Any CPU
		{3F97BACD-ECA1-4ACF-8F7A-3593B86DA3CE}.Debug|x64.Build.0 = Debug|Any CPU
		{3F97BACD-ECA1-4ACF-8F7A-3593B86DA3CE}.Debug|x86.ActiveCfg = Debug|Any CPU
		{3F97BACD-ECA1-4ACF-8F7A-3593B86DA3CE}.Debug|x86.Build.0 = Debug|Any CPU
		{3F97BACD-ECA1-4ACF-8F7A-3593B86DA3CE}.Release|Any CPU.ActiveCfg = Release|Any CPU
		{3F97BACD-ECA1-4ACF-8F7A-3593B86DA3CE}.Release|Any CPU.Build.0 = Release|Any CPU
		{3F97BACD-ECA1-4ACF-8F7A-3593B86DA3CE}.Release|ARM.ActiveCfg = Release|Any CPU
		{3F97BACD-ECA1-4ACF-8F7A-3593B86DA3CE}.Release|ARM.Build.0 = Release|Any CPU
		{3F97BACD-ECA1-4ACF-8F7A-3593B86DA3CE}.Release|ARM64.ActiveCfg = Release|Any CPU
		{3F97BACD-ECA1-4ACF-8F7A-3593B86DA3CE}.Release|ARM64.Build.0 = Release|Any CPU
		{3F97BACD-ECA1-4ACF-8F7A-3593B86DA3CE}.Release|x64.ActiveCfg = Release|Any CPU
		{3F97BACD-ECA1-4ACF-8F7A-3593B86DA3CE}.Release|x64.Build.0 = Release|Any CPU
		{3F97BACD-ECA1-4ACF-8F7A-3593B86DA3CE}.Release|x86.ActiveCfg = Release|Any CPU
		{3F97BACD-ECA1-4ACF-8F7A-3593B86DA3CE}.Release|x86.Build.0 = Release|Any CPU
		{DDB8877A-E929-485B-BC11-44BA38DF3DDB}.Debug|Any CPU.ActiveCfg = Debug|Any CPU
		{DDB8877A-E929-485B-BC11-44BA38DF3DDB}.Debug|Any CPU.Build.0 = Debug|Any CPU
		{DDB8877A-E929-485B-BC11-44BA38DF3DDB}.Debug|ARM.ActiveCfg = Debug|Any CPU
		{DDB8877A-E929-485B-BC11-44BA38DF3DDB}.Debug|ARM.Build.0 = Debug|Any CPU
		{DDB8877A-E929-485B-BC11-44BA38DF3DDB}.Debug|ARM64.ActiveCfg = Debug|arm64
		{DDB8877A-E929-485B-BC11-44BA38DF3DDB}.Debug|ARM64.Build.0 = Debug|arm64
		{DDB8877A-E929-485B-BC11-44BA38DF3DDB}.Debug|x64.ActiveCfg = Debug|x64
		{DDB8877A-E929-485B-BC11-44BA38DF3DDB}.Debug|x64.Build.0 = Debug|x64
		{DDB8877A-E929-485B-BC11-44BA38DF3DDB}.Debug|x86.ActiveCfg = Debug|x86
		{DDB8877A-E929-485B-BC11-44BA38DF3DDB}.Debug|x86.Build.0 = Debug|x86
		{DDB8877A-E929-485B-BC11-44BA38DF3DDB}.Release|Any CPU.ActiveCfg = Release|Any CPU
		{DDB8877A-E929-485B-BC11-44BA38DF3DDB}.Release|Any CPU.Build.0 = Release|Any CPU
		{DDB8877A-E929-485B-BC11-44BA38DF3DDB}.Release|ARM.ActiveCfg = Release|Any CPU
		{DDB8877A-E929-485B-BC11-44BA38DF3DDB}.Release|ARM.Build.0 = Release|Any CPU
		{DDB8877A-E929-485B-BC11-44BA38DF3DDB}.Release|ARM64.ActiveCfg = Release|arm64
		{DDB8877A-E929-485B-BC11-44BA38DF3DDB}.Release|ARM64.Build.0 = Release|arm64
		{DDB8877A-E929-485B-BC11-44BA38DF3DDB}.Release|x64.ActiveCfg = Release|x64
		{DDB8877A-E929-485B-BC11-44BA38DF3DDB}.Release|x64.Build.0 = Release|x64
		{DDB8877A-E929-485B-BC11-44BA38DF3DDB}.Release|x86.ActiveCfg = Release|x86
		{DDB8877A-E929-485B-BC11-44BA38DF3DDB}.Release|x86.Build.0 = Release|x86
		{794970D9-5D70-47A4-91F4-27C4081DAFD3}.Debug|Any CPU.ActiveCfg = Debug|Any CPU
		{794970D9-5D70-47A4-91F4-27C4081DAFD3}.Debug|Any CPU.Build.0 = Debug|Any CPU
		{794970D9-5D70-47A4-91F4-27C4081DAFD3}.Debug|ARM.ActiveCfg = Debug|Any CPU
		{794970D9-5D70-47A4-91F4-27C4081DAFD3}.Debug|ARM.Build.0 = Debug|Any CPU
		{794970D9-5D70-47A4-91F4-27C4081DAFD3}.Debug|ARM64.ActiveCfg = Debug|arm64
		{794970D9-5D70-47A4-91F4-27C4081DAFD3}.Debug|ARM64.Build.0 = Debug|arm64
		{794970D9-5D70-47A4-91F4-27C4081DAFD3}.Debug|x64.ActiveCfg = Debug|x64
		{794970D9-5D70-47A4-91F4-27C4081DAFD3}.Debug|x64.Build.0 = Debug|x64
		{794970D9-5D70-47A4-91F4-27C4081DAFD3}.Debug|x86.ActiveCfg = Debug|x86
		{794970D9-5D70-47A4-91F4-27C4081DAFD3}.Debug|x86.Build.0 = Debug|x86
		{794970D9-5D70-47A4-91F4-27C4081DAFD3}.Release|Any CPU.ActiveCfg = Release|Any CPU
		{794970D9-5D70-47A4-91F4-27C4081DAFD3}.Release|Any CPU.Build.0 = Release|Any CPU
		{794970D9-5D70-47A4-91F4-27C4081DAFD3}.Release|ARM.ActiveCfg = Release|Any CPU
		{794970D9-5D70-47A4-91F4-27C4081DAFD3}.Release|ARM.Build.0 = Release|Any CPU
		{794970D9-5D70-47A4-91F4-27C4081DAFD3}.Release|ARM64.ActiveCfg = Release|arm64
		{794970D9-5D70-47A4-91F4-27C4081DAFD3}.Release|ARM64.Build.0 = Release|arm64
		{794970D9-5D70-47A4-91F4-27C4081DAFD3}.Release|x64.ActiveCfg = Release|x64
		{794970D9-5D70-47A4-91F4-27C4081DAFD3}.Release|x64.Build.0 = Release|x64
		{794970D9-5D70-47A4-91F4-27C4081DAFD3}.Release|x86.ActiveCfg = Release|x86
		{794970D9-5D70-47A4-91F4-27C4081DAFD3}.Release|x86.Build.0 = Release|x86
		{0611BAD5-C405-45EF-BAEC-C52E50E9791D}.Debug|Any CPU.ActiveCfg = Debug|Any CPU
		{0611BAD5-C405-45EF-BAEC-C52E50E9791D}.Debug|Any CPU.Build.0 = Debug|Any CPU
		{0611BAD5-C405-45EF-BAEC-C52E50E9791D}.Debug|ARM.ActiveCfg = Debug|Any CPU
		{0611BAD5-C405-45EF-BAEC-C52E50E9791D}.Debug|ARM.Build.0 = Debug|Any CPU
		{0611BAD5-C405-45EF-BAEC-C52E50E9791D}.Debug|ARM64.ActiveCfg = Debug|arm64
		{0611BAD5-C405-45EF-BAEC-C52E50E9791D}.Debug|ARM64.Build.0 = Debug|arm64
		{0611BAD5-C405-45EF-BAEC-C52E50E9791D}.Debug|x64.ActiveCfg = Debug|x64
		{0611BAD5-C405-45EF-BAEC-C52E50E9791D}.Debug|x64.Build.0 = Debug|x64
		{0611BAD5-C405-45EF-BAEC-C52E50E9791D}.Debug|x86.ActiveCfg = Debug|x86
		{0611BAD5-C405-45EF-BAEC-C52E50E9791D}.Debug|x86.Build.0 = Debug|x86
		{0611BAD5-C405-45EF-BAEC-C52E50E9791D}.Release|Any CPU.ActiveCfg = Release|Any CPU
		{0611BAD5-C405-45EF-BAEC-C52E50E9791D}.Release|Any CPU.Build.0 = Release|Any CPU
		{0611BAD5-C405-45EF-BAEC-C52E50E9791D}.Release|ARM.ActiveCfg = Release|Any CPU
		{0611BAD5-C405-45EF-BAEC-C52E50E9791D}.Release|ARM.Build.0 = Release|Any CPU
		{0611BAD5-C405-45EF-BAEC-C52E50E9791D}.Release|ARM64.ActiveCfg = Release|arm64
		{0611BAD5-C405-45EF-BAEC-C52E50E9791D}.Release|ARM64.Build.0 = Release|arm64
		{0611BAD5-C405-45EF-BAEC-C52E50E9791D}.Release|x64.ActiveCfg = Release|x64
		{0611BAD5-C405-45EF-BAEC-C52E50E9791D}.Release|x64.Build.0 = Release|x64
		{0611BAD5-C405-45EF-BAEC-C52E50E9791D}.Release|x86.ActiveCfg = Release|x86
		{0611BAD5-C405-45EF-BAEC-C52E50E9791D}.Release|x86.Build.0 = Release|x86
		{3BC41048-0234-4996-82BB-3C98163241D2}.Debug|Any CPU.ActiveCfg = Debug|Any CPU
		{3BC41048-0234-4996-82BB-3C98163241D2}.Debug|Any CPU.Build.0 = Debug|Any CPU
		{3BC41048-0234-4996-82BB-3C98163241D2}.Debug|ARM.ActiveCfg = Debug|Any CPU
		{3BC41048-0234-4996-82BB-3C98163241D2}.Debug|ARM.Build.0 = Debug|Any CPU
		{3BC41048-0234-4996-82BB-3C98163241D2}.Debug|ARM64.ActiveCfg = Debug|arm64
		{3BC41048-0234-4996-82BB-3C98163241D2}.Debug|ARM64.Build.0 = Debug|arm64
		{3BC41048-0234-4996-82BB-3C98163241D2}.Debug|x64.ActiveCfg = Debug|x64
		{3BC41048-0234-4996-82BB-3C98163241D2}.Debug|x64.Build.0 = Debug|x64
		{3BC41048-0234-4996-82BB-3C98163241D2}.Debug|x86.ActiveCfg = Debug|x86
		{3BC41048-0234-4996-82BB-3C98163241D2}.Debug|x86.Build.0 = Debug|x86
		{3BC41048-0234-4996-82BB-3C98163241D2}.Release|Any CPU.ActiveCfg = Release|Any CPU
		{3BC41048-0234-4996-82BB-3C98163241D2}.Release|Any CPU.Build.0 = Release|Any CPU
		{3BC41048-0234-4996-82BB-3C98163241D2}.Release|ARM.ActiveCfg = Release|Any CPU
		{3BC41048-0234-4996-82BB-3C98163241D2}.Release|ARM.Build.0 = Release|Any CPU
		{3BC41048-0234-4996-82BB-3C98163241D2}.Release|ARM64.ActiveCfg = Release|arm64
		{3BC41048-0234-4996-82BB-3C98163241D2}.Release|ARM64.Build.0 = Release|arm64
		{3BC41048-0234-4996-82BB-3C98163241D2}.Release|x64.ActiveCfg = Release|x64
		{3BC41048-0234-4996-82BB-3C98163241D2}.Release|x64.Build.0 = Release|x64
		{3BC41048-0234-4996-82BB-3C98163241D2}.Release|x86.ActiveCfg = Release|x86
		{3BC41048-0234-4996-82BB-3C98163241D2}.Release|x86.Build.0 = Release|x86
		{54E80C11-BF74-4A71-8620-1E110C9529C2}.Debug|Any CPU.ActiveCfg = Debug|x64
		{54E80C11-BF74-4A71-8620-1E110C9529C2}.Debug|Any CPU.Build.0 = Debug|x64
		{54E80C11-BF74-4A71-8620-1E110C9529C2}.Debug|ARM.ActiveCfg = Debug|x64
		{54E80C11-BF74-4A71-8620-1E110C9529C2}.Debug|ARM.Build.0 = Debug|x64
		{54E80C11-BF74-4A71-8620-1E110C9529C2}.Debug|ARM64.ActiveCfg = Debug|ARM64
		{54E80C11-BF74-4A71-8620-1E110C9529C2}.Debug|ARM64.Build.0 = Debug|ARM64
		{54E80C11-BF74-4A71-8620-1E110C9529C2}.Debug|x64.ActiveCfg = Debug|x64
		{54E80C11-BF74-4A71-8620-1E110C9529C2}.Debug|x64.Build.0 = Debug|x64
		{54E80C11-BF74-4A71-8620-1E110C9529C2}.Debug|x86.ActiveCfg = Debug|x86
		{54E80C11-BF74-4A71-8620-1E110C9529C2}.Debug|x86.Build.0 = Debug|x86
		{54E80C11-BF74-4A71-8620-1E110C9529C2}.Release|Any CPU.ActiveCfg = Release|x64
		{54E80C11-BF74-4A71-8620-1E110C9529C2}.Release|Any CPU.Build.0 = Release|x64
		{54E80C11-BF74-4A71-8620-1E110C9529C2}.Release|ARM.ActiveCfg = Release|x64
		{54E80C11-BF74-4A71-8620-1E110C9529C2}.Release|ARM.Build.0 = Release|x64
		{54E80C11-BF74-4A71-8620-1E110C9529C2}.Release|ARM64.ActiveCfg = Release|ARM64
		{54E80C11-BF74-4A71-8620-1E110C9529C2}.Release|ARM64.Build.0 = Release|ARM64
		{54E80C11-BF74-4A71-8620-1E110C9529C2}.Release|x64.ActiveCfg = Release|x64
		{54E80C11-BF74-4A71-8620-1E110C9529C2}.Release|x64.Build.0 = Release|x64
		{54E80C11-BF74-4A71-8620-1E110C9529C2}.Release|x86.ActiveCfg = Release|x86
		{54E80C11-BF74-4A71-8620-1E110C9529C2}.Release|x86.Build.0 = Release|x86
		{7F2DEB6A-C57F-4A2C-A5C5-F0DF96F2C248}.Debug|Any CPU.ActiveCfg = Debug|Any CPU
		{7F2DEB6A-C57F-4A2C-A5C5-F0DF96F2C248}.Debug|Any CPU.Build.0 = Debug|Any CPU
		{7F2DEB6A-C57F-4A2C-A5C5-F0DF96F2C248}.Debug|ARM.ActiveCfg = Debug|Any CPU
		{7F2DEB6A-C57F-4A2C-A5C5-F0DF96F2C248}.Debug|ARM.Build.0 = Debug|Any CPU
		{7F2DEB6A-C57F-4A2C-A5C5-F0DF96F2C248}.Debug|ARM64.ActiveCfg = Debug|Any CPU
		{7F2DEB6A-C57F-4A2C-A5C5-F0DF96F2C248}.Debug|ARM64.Build.0 = Debug|Any CPU
		{7F2DEB6A-C57F-4A2C-A5C5-F0DF96F2C248}.Debug|x64.ActiveCfg = Debug|Any CPU
		{7F2DEB6A-C57F-4A2C-A5C5-F0DF96F2C248}.Debug|x64.Build.0 = Debug|Any CPU
		{7F2DEB6A-C57F-4A2C-A5C5-F0DF96F2C248}.Debug|x86.ActiveCfg = Debug|Any CPU
		{7F2DEB6A-C57F-4A2C-A5C5-F0DF96F2C248}.Debug|x86.Build.0 = Debug|Any CPU
		{7F2DEB6A-C57F-4A2C-A5C5-F0DF96F2C248}.Release|Any CPU.ActiveCfg = Release|Any CPU
		{7F2DEB6A-C57F-4A2C-A5C5-F0DF96F2C248}.Release|Any CPU.Build.0 = Release|Any CPU
		{7F2DEB6A-C57F-4A2C-A5C5-F0DF96F2C248}.Release|ARM.ActiveCfg = Release|Any CPU
		{7F2DEB6A-C57F-4A2C-A5C5-F0DF96F2C248}.Release|ARM.Build.0 = Release|Any CPU
		{7F2DEB6A-C57F-4A2C-A5C5-F0DF96F2C248}.Release|ARM64.ActiveCfg = Release|Any CPU
		{7F2DEB6A-C57F-4A2C-A5C5-F0DF96F2C248}.Release|ARM64.Build.0 = Release|Any CPU
		{7F2DEB6A-C57F-4A2C-A5C5-F0DF96F2C248}.Release|x64.ActiveCfg = Release|Any CPU
		{7F2DEB6A-C57F-4A2C-A5C5-F0DF96F2C248}.Release|x64.Build.0 = Release|Any CPU
		{7F2DEB6A-C57F-4A2C-A5C5-F0DF96F2C248}.Release|x86.ActiveCfg = Release|Any CPU
		{7F2DEB6A-C57F-4A2C-A5C5-F0DF96F2C248}.Release|x86.Build.0 = Release|Any CPU
		{7180E2A8-0441-4F74-AB91-D1B962A033A4}.Debug|Any CPU.ActiveCfg = Debug|Any CPU
		{7180E2A8-0441-4F74-AB91-D1B962A033A4}.Debug|Any CPU.Build.0 = Debug|Any CPU
		{7180E2A8-0441-4F74-AB91-D1B962A033A4}.Debug|ARM.ActiveCfg = Debug|Any CPU
		{7180E2A8-0441-4F74-AB91-D1B962A033A4}.Debug|ARM.Build.0 = Debug|Any CPU
		{7180E2A8-0441-4F74-AB91-D1B962A033A4}.Debug|ARM64.ActiveCfg = Debug|Any CPU
		{7180E2A8-0441-4F74-AB91-D1B962A033A4}.Debug|ARM64.Build.0 = Debug|Any CPU
		{7180E2A8-0441-4F74-AB91-D1B962A033A4}.Debug|x64.ActiveCfg = Debug|Any CPU
		{7180E2A8-0441-4F74-AB91-D1B962A033A4}.Debug|x64.Build.0 = Debug|Any CPU
		{7180E2A8-0441-4F74-AB91-D1B962A033A4}.Debug|x86.ActiveCfg = Debug|Any CPU
		{7180E2A8-0441-4F74-AB91-D1B962A033A4}.Debug|x86.Build.0 = Debug|Any CPU
		{7180E2A8-0441-4F74-AB91-D1B962A033A4}.Release|Any CPU.ActiveCfg = Release|Any CPU
		{7180E2A8-0441-4F74-AB91-D1B962A033A4}.Release|Any CPU.Build.0 = Release|Any CPU
		{7180E2A8-0441-4F74-AB91-D1B962A033A4}.Release|ARM.ActiveCfg = Release|Any CPU
		{7180E2A8-0441-4F74-AB91-D1B962A033A4}.Release|ARM.Build.0 = Release|Any CPU
		{7180E2A8-0441-4F74-AB91-D1B962A033A4}.Release|ARM64.ActiveCfg = Release|Any CPU
		{7180E2A8-0441-4F74-AB91-D1B962A033A4}.Release|ARM64.Build.0 = Release|Any CPU
		{7180E2A8-0441-4F74-AB91-D1B962A033A4}.Release|x64.ActiveCfg = Release|Any CPU
		{7180E2A8-0441-4F74-AB91-D1B962A033A4}.Release|x64.Build.0 = Release|Any CPU
		{7180E2A8-0441-4F74-AB91-D1B962A033A4}.Release|x86.ActiveCfg = Release|Any CPU
		{7180E2A8-0441-4F74-AB91-D1B962A033A4}.Release|x86.Build.0 = Release|Any CPU
	EndGlobalSection
	GlobalSection(SolutionProperties) = preSolution
		HideSolutionNode = FALSE
	EndGlobalSection
	GlobalSection(NestedProjects) = preSolution
		{7FC21573-6B0F-4B5B-BAE5-AF80546C0D79} = {042B0595-6134-4558-9725-157181F8D185}
		{9918633D-4C2A-463D-A4CA-C8FC095A820C} = {A6FEC513-6706-44AF-B200-D40836E32C19}
		{7EC2168E-494D-4710-A659-51C6F4BFE059} = {56C24CCE-3389-42E0-95F0-30B154BF421B}
		{B231577F-FAC4-4F2C-ACBB-65EE63C45524} = {A6FEC513-6706-44AF-B200-D40836E32C19}
		{808CA196-0831-47C7-8E38-5F7807C9E705} = {042B0595-6134-4558-9725-157181F8D185}
		{042B0595-6134-4558-9725-157181F8D185} = {A6FEC513-6706-44AF-B200-D40836E32C19}
		{7B55F3FA-67F2-48E6-980C-8F4C563DDF8C} = {042B0595-6134-4558-9725-157181F8D185}
		{CD921D66-A3A1-4BC9-89BF-78B16E15A43B} = {5AEB24F0-A15D-4E57-8498-AE6F8C5A04D0}
		{0C55CA05-0667-4B24-A1B1-0E3E621D8058} = {5AEB24F0-A15D-4E57-8498-AE6F8C5A04D0}
		{B56872B6-8161-42CC-B265-9071C6A98F01} = {5AEB24F0-A15D-4E57-8498-AE6F8C5A04D0}
		{26FFC087-0B58-4228-B8F1-C5C2F1F1CEFD} = {5AEB24F0-A15D-4E57-8498-AE6F8C5A04D0}
		{C451EE43-D4AE-47B6-BA2E-CBA31F020B1E} = {56C24CCE-3389-42E0-95F0-30B154BF421B}
		{3F97BACD-ECA1-4ACF-8F7A-3593B86DA3CE} = {56C24CCE-3389-42E0-95F0-30B154BF421B}
		{DDB8877A-E929-485B-BC11-44BA38DF3DDB} = {042B0595-6134-4558-9725-157181F8D185}
		{794970D9-5D70-47A4-91F4-27C4081DAFD3} = {042B0595-6134-4558-9725-157181F8D185}
		{0611BAD5-C405-45EF-BAEC-C52E50E9791D} = {042B0595-6134-4558-9725-157181F8D185}
		{3BC41048-0234-4996-82BB-3C98163241D2} = {042B0595-6134-4558-9725-157181F8D185}
		{54E80C11-BF74-4A71-8620-1E110C9529C2} = {5AEB24F0-A15D-4E57-8498-AE6F8C5A04D0}
		{7F2DEB6A-C57F-4A2C-A5C5-F0DF96F2C248} = {A6FEC513-6706-44AF-B200-D40836E32C19}
		{7180E2A8-0441-4F74-AB91-D1B962A033A4} = {56C24CCE-3389-42E0-95F0-30B154BF421B}
	EndGlobalSection
	GlobalSection(ExtensibilityGlobals) = postSolution
		SolutionGuid = {DAB9771E-34BB-4E5E-95EA-D7538346B7C4}
	EndGlobalSection
EndGlobal
