
Microsoft Visual Studio Solution File, Format Version 12.00
# Visual Studio Version 17
VisualStudioVersion = 17.0.31919.166
MinimumVisualStudioVersion = 10.0.40219.1
Project("{2150E333-8FDC-42A3-9474-1A3956D46DE8}") = "API", "API", "{A6FEC513-6706-44AF-B200-D40836E32C19}"
EndProject
Project("{9A19103F-16F7-4668-BE54-9A1E7A4F7556}") = "Microsoft.Marketplace.Storefront.Contracts", "MicrosoftStore\Microsoft.Marketplace.Storefront.Contracts.csproj", "{7FC21573-6B0F-4B5B-BAE5-AF80546C0D79}"
EndProject
Project("{9A19103F-16F7-4668-BE54-9A1E7A4F7556}") = "StoreLib", "StoreLib\StoreLib\StoreLib.csproj", "{E13711FF-3E53-4CA4-8043-63B92673567A}"
EndProject
Project("{9A19103F-16F7-4668-BE54-9A1E7A4F7556}") = "FluentStoreAPI", "FluentStoreAPI\FluentStoreAPI.csproj", "{9918633D-4C2A-463D-A4CA-C8FC095A820C}"
EndProject
Project("{9A19103F-16F7-4668-BE54-9A1E7A4F7556}") = "FluentStore.ViewModels", "FluentStore.ViewModels\FluentStore.ViewModels.csproj", "{DC3ED84A-983C-42DD-9074-26D7C7E44F90}"
EndProject
Project("{9A19103F-16F7-4668-BE54-9A1E7A4F7556}") = "FluentStore.Services", "FluentStore.Services\FluentStore.Services.csproj", "{C913BCF0-3D85-4B80-AF1B-EEC60033AE47}"
EndProject
Project("{9A19103F-16F7-4668-BE54-9A1E7A4F7556}") = "FluentStore.SDK", "FluentStore.SDK\FluentStore.SDK.csproj", "{3E69F7C4-C118-4E8A-BD1A-093B2196FB95}"
EndProject
Project("{9A19103F-16F7-4668-BE54-9A1E7A4F7556}") = "WinGetRun", "API\WinGetRun\WinGetRun.csproj", "{24521084-12C2-4290-B715-44CB563CB3DC}"
EndProject
Project("{9A19103F-16F7-4668-BE54-9A1E7A4F7556}") = "Installer", "Installer\Installer.csproj", "{92D4A5D4-BC9A-4E5F-B3B2-A470CA360505}"
EndProject
Project("{2150E333-8FDC-42A3-9474-1A3956D46DE8}") = "Tests", "Tests", "{56C24CCE-3389-42E0-95F0-30B154BF421B}"
EndProject
Project("{9A19103F-16F7-4668-BE54-9A1E7A4F7556}") = "ChocolateyTests", "Tests\ChocolateyTests\ChocolateyTests.csproj", "{7EC2168E-494D-4710-A659-51C6F4BFE059}"
EndProject
Project("{9A19103F-16F7-4668-BE54-9A1E7A4F7556}") = "Chocolatey", "API\Choco\Chocolatey.csproj", "{B231577F-FAC4-4F2C-ACBB-65EE63C45524}"
EndProject
Project("{9A19103F-16F7-4668-BE54-9A1E7A4F7556}") = "Atom", "API\Atom\Atom.csproj", "{743B3512-B4C5-45A0-B36A-14F5DC117A91}"
EndProject
Project("{9A19103F-16F7-4668-BE54-9A1E7A4F7556}") = "FluentStore.App", "FluentStore.App\FluentStore.App.csproj", "{2438D5E5-D7F9-4577-AA33-802B1828A359}"
EndProject
Project("{9A19103F-16F7-4668-BE54-9A1E7A4F7556}") = "StoreEdgeFD", "API\StoreEdgeFD\StoreEdgeFD.csproj", "{808CA196-0831-47C7-8E38-5F7807C9E705}"
EndProject
Global
	GlobalSection(SolutionConfigurationPlatforms) = preSolution
		Debug|Any CPU = Debug|Any CPU
		Debug|ARM = Debug|ARM
		Debug|ARM64 = Debug|ARM64
		Debug|x64 = Debug|x64
		Debug|x86 = Debug|x86
		Release|Any CPU = Release|Any CPU
		Release|ARM = Release|ARM
		Release|ARM64 = Release|ARM64
		Release|x64 = Release|x64
		Release|x86 = Release|x86
	EndGlobalSection
	GlobalSection(ProjectConfigurationPlatforms) = postSolution
		{7FC21573-6B0F-4B5B-BAE5-AF80546C0D79}.Debug|Any CPU.ActiveCfg = Debug|Any CPU
		{7FC21573-6B0F-4B5B-BAE5-AF80546C0D79}.Debug|Any CPU.Build.0 = Debug|Any CPU
		{7FC21573-6B0F-4B5B-BAE5-AF80546C0D79}.Debug|ARM.ActiveCfg = Debug|ARM
		{7FC21573-6B0F-4B5B-BAE5-AF80546C0D79}.Debug|ARM.Build.0 = Debug|ARM
		{7FC21573-6B0F-4B5B-BAE5-AF80546C0D79}.Debug|ARM64.ActiveCfg = Debug|ARM64
		{7FC21573-6B0F-4B5B-BAE5-AF80546C0D79}.Debug|ARM64.Build.0 = Debug|ARM64
		{7FC21573-6B0F-4B5B-BAE5-AF80546C0D79}.Debug|x64.ActiveCfg = Debug|x64
		{7FC21573-6B0F-4B5B-BAE5-AF80546C0D79}.Debug|x64.Build.0 = Debug|x64
		{7FC21573-6B0F-4B5B-BAE5-AF80546C0D79}.Debug|x86.ActiveCfg = Debug|x86
		{7FC21573-6B0F-4B5B-BAE5-AF80546C0D79}.Debug|x86.Build.0 = Debug|x86
		{7FC21573-6B0F-4B5B-BAE5-AF80546C0D79}.Release|Any CPU.ActiveCfg = Release|Any CPU
		{7FC21573-6B0F-4B5B-BAE5-AF80546C0D79}.Release|Any CPU.Build.0 = Release|Any CPU
		{7FC21573-6B0F-4B5B-BAE5-AF80546C0D79}.Release|ARM.ActiveCfg = Release|Any CPU
		{7FC21573-6B0F-4B5B-BAE5-AF80546C0D79}.Release|ARM.Build.0 = Release|Any CPU
		{7FC21573-6B0F-4B5B-BAE5-AF80546C0D79}.Release|ARM64.ActiveCfg = Release|ARM64
		{7FC21573-6B0F-4B5B-BAE5-AF80546C0D79}.Release|ARM64.Build.0 = Release|ARM64
		{7FC21573-6B0F-4B5B-BAE5-AF80546C0D79}.Release|x64.ActiveCfg = Release|Any CPU
		{7FC21573-6B0F-4B5B-BAE5-AF80546C0D79}.Release|x64.Build.0 = Release|Any CPU
		{7FC21573-6B0F-4B5B-BAE5-AF80546C0D79}.Release|x86.ActiveCfg = Release|x86
		{7FC21573-6B0F-4B5B-BAE5-AF80546C0D79}.Release|x86.Build.0 = Release|x86
		{E13711FF-3E53-4CA4-8043-63B92673567A}.Debug|Any CPU.ActiveCfg = Debug|Any CPU
		{E13711FF-3E53-4CA4-8043-63B92673567A}.Debug|Any CPU.Build.0 = Debug|Any CPU
		{E13711FF-3E53-4CA4-8043-63B92673567A}.Debug|ARM.ActiveCfg = Debug|ARM
		{E13711FF-3E53-4CA4-8043-63B92673567A}.Debug|ARM.Build.0 = Debug|ARM
		{E13711FF-3E53-4CA4-8043-63B92673567A}.Debug|ARM64.ActiveCfg = Debug|ARM64
		{E13711FF-3E53-4CA4-8043-63B92673567A}.Debug|ARM64.Build.0 = Debug|ARM64
		{E13711FF-3E53-4CA4-8043-63B92673567A}.Debug|x64.ActiveCfg = Debug|x64
		{E13711FF-3E53-4CA4-8043-63B92673567A}.Debug|x64.Build.0 = Debug|x64
		{E13711FF-3E53-4CA4-8043-63B92673567A}.Debug|x86.ActiveCfg = Debug|x86
		{E13711FF-3E53-4CA4-8043-63B92673567A}.Debug|x86.Build.0 = Debug|x86
		{E13711FF-3E53-4CA4-8043-63B92673567A}.Release|Any CPU.ActiveCfg = Release|Any CPU
		{E13711FF-3E53-4CA4-8043-63B92673567A}.Release|Any CPU.Build.0 = Release|Any CPU
		{E13711FF-3E53-4CA4-8043-63B92673567A}.Release|ARM.ActiveCfg = Release|Any CPU
		{E13711FF-3E53-4CA4-8043-63B92673567A}.Release|ARM.Build.0 = Release|Any CPU
		{E13711FF-3E53-4CA4-8043-63B92673567A}.Release|ARM64.ActiveCfg = Release|Any CPU
		{E13711FF-3E53-4CA4-8043-63B92673567A}.Release|ARM64.Build.0 = Release|Any CPU
		{E13711FF-3E53-4CA4-8043-63B92673567A}.Release|x64.ActiveCfg = Release|x64
		{E13711FF-3E53-4CA4-8043-63B92673567A}.Release|x64.Build.0 = Release|x64
		{E13711FF-3E53-4CA4-8043-63B92673567A}.Release|x86.ActiveCfg = Release|x86
		{E13711FF-3E53-4CA4-8043-63B92673567A}.Release|x86.Build.0 = Release|x86
		{9918633D-4C2A-463D-A4CA-C8FC095A820C}.Debug|Any CPU.ActiveCfg = Debug|Any CPU
		{9918633D-4C2A-463D-A4CA-C8FC095A820C}.Debug|Any CPU.Build.0 = Debug|Any CPU
		{9918633D-4C2A-463D-A4CA-C8FC095A820C}.Debug|ARM.ActiveCfg = Debug|ARM
		{9918633D-4C2A-463D-A4CA-C8FC095A820C}.Debug|ARM.Build.0 = Debug|ARM
		{9918633D-4C2A-463D-A4CA-C8FC095A820C}.Debug|ARM64.ActiveCfg = Debug|ARM64
		{9918633D-4C2A-463D-A4CA-C8FC095A820C}.Debug|ARM64.Build.0 = Debug|ARM64
		{9918633D-4C2A-463D-A4CA-C8FC095A820C}.Debug|x64.ActiveCfg = Debug|x64
		{9918633D-4C2A-463D-A4CA-C8FC095A820C}.Debug|x64.Build.0 = Debug|x64
		{9918633D-4C2A-463D-A4CA-C8FC095A820C}.Debug|x86.ActiveCfg = Debug|x86
		{9918633D-4C2A-463D-A4CA-C8FC095A820C}.Debug|x86.Build.0 = Debug|x86
		{9918633D-4C2A-463D-A4CA-C8FC095A820C}.Release|Any CPU.ActiveCfg = Release|Any CPU
		{9918633D-4C2A-463D-A4CA-C8FC095A820C}.Release|Any CPU.Build.0 = Release|Any CPU
		{9918633D-4C2A-463D-A4CA-C8FC095A820C}.Release|ARM.ActiveCfg = Release|Any CPU
		{9918633D-4C2A-463D-A4CA-C8FC095A820C}.Release|ARM.Build.0 = Release|Any CPU
		{9918633D-4C2A-463D-A4CA-C8FC095A820C}.Release|ARM64.ActiveCfg = Release|Any CPU
		{9918633D-4C2A-463D-A4CA-C8FC095A820C}.Release|ARM64.Build.0 = Release|Any CPU
		{9918633D-4C2A-463D-A4CA-C8FC095A820C}.Release|x64.ActiveCfg = Release|x64
		{9918633D-4C2A-463D-A4CA-C8FC095A820C}.Release|x64.Build.0 = Release|x64
		{9918633D-4C2A-463D-A4CA-C8FC095A820C}.Release|x86.ActiveCfg = Release|x86
		{9918633D-4C2A-463D-A4CA-C8FC095A820C}.Release|x86.Build.0 = Release|x86
		{DC3ED84A-983C-42DD-9074-26D7C7E44F90}.Debug|Any CPU.ActiveCfg = Debug|Any CPU
		{DC3ED84A-983C-42DD-9074-26D7C7E44F90}.Debug|Any CPU.Build.0 = Debug|Any CPU
		{DC3ED84A-983C-42DD-9074-26D7C7E44F90}.Debug|ARM.ActiveCfg = Debug|ARM
		{DC3ED84A-983C-42DD-9074-26D7C7E44F90}.Debug|ARM.Build.0 = Debug|ARM
		{DC3ED84A-983C-42DD-9074-26D7C7E44F90}.Debug|ARM64.ActiveCfg = Debug|ARM64
		{DC3ED84A-983C-42DD-9074-26D7C7E44F90}.Debug|ARM64.Build.0 = Debug|ARM64
		{DC3ED84A-983C-42DD-9074-26D7C7E44F90}.Debug|x64.ActiveCfg = Debug|x64
		{DC3ED84A-983C-42DD-9074-26D7C7E44F90}.Debug|x64.Build.0 = Debug|x64
		{DC3ED84A-983C-42DD-9074-26D7C7E44F90}.Debug|x86.ActiveCfg = Debug|x86
		{DC3ED84A-983C-42DD-9074-26D7C7E44F90}.Debug|x86.Build.0 = Debug|x86
		{DC3ED84A-983C-42DD-9074-26D7C7E44F90}.Release|Any CPU.ActiveCfg = Release|Any CPU
		{DC3ED84A-983C-42DD-9074-26D7C7E44F90}.Release|Any CPU.Build.0 = Release|Any CPU
		{DC3ED84A-983C-42DD-9074-26D7C7E44F90}.Release|ARM.ActiveCfg = Release|Any CPU
		{DC3ED84A-983C-42DD-9074-26D7C7E44F90}.Release|ARM.Build.0 = Release|Any CPU
		{DC3ED84A-983C-42DD-9074-26D7C7E44F90}.Release|ARM64.ActiveCfg = Release|Any CPU
		{DC3ED84A-983C-42DD-9074-26D7C7E44F90}.Release|ARM64.Build.0 = Release|Any CPU
		{DC3ED84A-983C-42DD-9074-26D7C7E44F90}.Release|x64.ActiveCfg = Release|x64
		{DC3ED84A-983C-42DD-9074-26D7C7E44F90}.Release|x64.Build.0 = Release|x64
		{DC3ED84A-983C-42DD-9074-26D7C7E44F90}.Release|x86.ActiveCfg = Release|x86
		{DC3ED84A-983C-42DD-9074-26D7C7E44F90}.Release|x86.Build.0 = Release|x86
		{C913BCF0-3D85-4B80-AF1B-EEC60033AE47}.Debug|Any CPU.ActiveCfg = Debug|Any CPU
		{C913BCF0-3D85-4B80-AF1B-EEC60033AE47}.Debug|Any CPU.Build.0 = Debug|Any CPU
		{C913BCF0-3D85-4B80-AF1B-EEC60033AE47}.Debug|ARM.ActiveCfg = Debug|ARM
		{C913BCF0-3D85-4B80-AF1B-EEC60033AE47}.Debug|ARM.Build.0 = Debug|ARM
		{C913BCF0-3D85-4B80-AF1B-EEC60033AE47}.Debug|ARM64.ActiveCfg = Debug|ARM64
		{C913BCF0-3D85-4B80-AF1B-EEC60033AE47}.Debug|ARM64.Build.0 = Debug|ARM64
		{C913BCF0-3D85-4B80-AF1B-EEC60033AE47}.Debug|x64.ActiveCfg = Debug|x64
		{C913BCF0-3D85-4B80-AF1B-EEC60033AE47}.Debug|x64.Build.0 = Debug|x64
		{C913BCF0-3D85-4B80-AF1B-EEC60033AE47}.Debug|x86.ActiveCfg = Debug|x86
		{C913BCF0-3D85-4B80-AF1B-EEC60033AE47}.Debug|x86.Build.0 = Debug|x86
		{C913BCF0-3D85-4B80-AF1B-EEC60033AE47}.Release|Any CPU.ActiveCfg = Release|Any CPU
		{C913BCF0-3D85-4B80-AF1B-EEC60033AE47}.Release|Any CPU.Build.0 = Release|Any CPU
		{C913BCF0-3D85-4B80-AF1B-EEC60033AE47}.Release|ARM.ActiveCfg = Release|Any CPU
		{C913BCF0-3D85-4B80-AF1B-EEC60033AE47}.Release|ARM.Build.0 = Release|Any CPU
		{C913BCF0-3D85-4B80-AF1B-EEC60033AE47}.Release|ARM64.ActiveCfg = Release|Any CPU
		{C913BCF0-3D85-4B80-AF1B-EEC60033AE47}.Release|ARM64.Build.0 = Release|Any CPU
		{C913BCF0-3D85-4B80-AF1B-EEC60033AE47}.Release|x64.ActiveCfg = Release|x64
		{C913BCF0-3D85-4B80-AF1B-EEC60033AE47}.Release|x64.Build.0 = Release|x64
		{C913BCF0-3D85-4B80-AF1B-EEC60033AE47}.Release|x86.ActiveCfg = Release|x86
		{C913BCF0-3D85-4B80-AF1B-EEC60033AE47}.Release|x86.Build.0 = Release|x86
		{3E69F7C4-C118-4E8A-BD1A-093B2196FB95}.Debug|Any CPU.ActiveCfg = Debug|Any CPU
		{3E69F7C4-C118-4E8A-BD1A-093B2196FB95}.Debug|Any CPU.Build.0 = Debug|Any CPU
		{3E69F7C4-C118-4E8A-BD1A-093B2196FB95}.Debug|ARM.ActiveCfg = Debug|ARM
		{3E69F7C4-C118-4E8A-BD1A-093B2196FB95}.Debug|ARM.Build.0 = Debug|ARM
		{3E69F7C4-C118-4E8A-BD1A-093B2196FB95}.Debug|ARM64.ActiveCfg = Debug|ARM64
		{3E69F7C4-C118-4E8A-BD1A-093B2196FB95}.Debug|ARM64.Build.0 = Debug|ARM64
		{3E69F7C4-C118-4E8A-BD1A-093B2196FB95}.Debug|x64.ActiveCfg = Debug|x64
		{3E69F7C4-C118-4E8A-BD1A-093B2196FB95}.Debug|x64.Build.0 = Debug|x64
		{3E69F7C4-C118-4E8A-BD1A-093B2196FB95}.Debug|x86.ActiveCfg = Debug|x86
		{3E69F7C4-C118-4E8A-BD1A-093B2196FB95}.Debug|x86.Build.0 = Debug|x86
		{3E69F7C4-C118-4E8A-BD1A-093B2196FB95}.Release|Any CPU.ActiveCfg = Release|Any CPU
		{3E69F7C4-C118-4E8A-BD1A-093B2196FB95}.Release|Any CPU.Build.0 = Release|Any CPU
		{3E69F7C4-C118-4E8A-BD1A-093B2196FB95}.Release|ARM.ActiveCfg = Release|Any CPU
		{3E69F7C4-C118-4E8A-BD1A-093B2196FB95}.Release|ARM.Build.0 = Release|Any CPU
		{3E69F7C4-C118-4E8A-BD1A-093B2196FB95}.Release|ARM64.ActiveCfg = Release|Any CPU
		{3E69F7C4-C118-4E8A-BD1A-093B2196FB95}.Release|ARM64.Build.0 = Release|Any CPU
		{3E69F7C4-C118-4E8A-BD1A-093B2196FB95}.Release|x64.ActiveCfg = Release|x64
		{3E69F7C4-C118-4E8A-BD1A-093B2196FB95}.Release|x64.Build.0 = Release|x64
		{3E69F7C4-C118-4E8A-BD1A-093B2196FB95}.Release|x86.ActiveCfg = Release|x86
		{3E69F7C4-C118-4E8A-BD1A-093B2196FB95}.Release|x86.Build.0 = Release|x86
		{24521084-12C2-4290-B715-44CB563CB3DC}.Debug|Any CPU.ActiveCfg = Debug|Any CPU
		{24521084-12C2-4290-B715-44CB563CB3DC}.Debug|Any CPU.Build.0 = Debug|Any CPU
		{24521084-12C2-4290-B715-44CB563CB3DC}.Debug|ARM.ActiveCfg = Debug|ARM
		{24521084-12C2-4290-B715-44CB563CB3DC}.Debug|ARM.Build.0 = Debug|ARM
		{24521084-12C2-4290-B715-44CB563CB3DC}.Debug|ARM64.ActiveCfg = Debug|ARM64
		{24521084-12C2-4290-B715-44CB563CB3DC}.Debug|ARM64.Build.0 = Debug|ARM64
		{24521084-12C2-4290-B715-44CB563CB3DC}.Debug|x64.ActiveCfg = Debug|x64
		{24521084-12C2-4290-B715-44CB563CB3DC}.Debug|x64.Build.0 = Debug|x64
		{24521084-12C2-4290-B715-44CB563CB3DC}.Debug|x86.ActiveCfg = Debug|x86
		{24521084-12C2-4290-B715-44CB563CB3DC}.Debug|x86.Build.0 = Debug|x86
		{24521084-12C2-4290-B715-44CB563CB3DC}.Release|Any CPU.ActiveCfg = Release|Any CPU
		{24521084-12C2-4290-B715-44CB563CB3DC}.Release|Any CPU.Build.0 = Release|Any CPU
		{24521084-12C2-4290-B715-44CB563CB3DC}.Release|ARM.ActiveCfg = Release|Any CPU
		{24521084-12C2-4290-B715-44CB563CB3DC}.Release|ARM.Build.0 = Release|Any CPU
		{24521084-12C2-4290-B715-44CB563CB3DC}.Release|ARM64.ActiveCfg = Release|Any CPU
		{24521084-12C2-4290-B715-44CB563CB3DC}.Release|ARM64.Build.0 = Release|Any CPU
		{24521084-12C2-4290-B715-44CB563CB3DC}.Release|x64.ActiveCfg = Release|x64
		{24521084-12C2-4290-B715-44CB563CB3DC}.Release|x64.Build.0 = Release|x64
		{24521084-12C2-4290-B715-44CB563CB3DC}.Release|x86.ActiveCfg = Release|x86
		{24521084-12C2-4290-B715-44CB563CB3DC}.Release|x86.Build.0 = Release|x86
		{92D4A5D4-BC9A-4E5F-B3B2-A470CA360505}.Debug|Any CPU.ActiveCfg = Debug|Any CPU
		{92D4A5D4-BC9A-4E5F-B3B2-A470CA360505}.Debug|Any CPU.Build.0 = Debug|Any CPU
		{92D4A5D4-BC9A-4E5F-B3B2-A470CA360505}.Debug|ARM.ActiveCfg = Debug|ARM
		{92D4A5D4-BC9A-4E5F-B3B2-A470CA360505}.Debug|ARM.Build.0 = Debug|ARM
		{92D4A5D4-BC9A-4E5F-B3B2-A470CA360505}.Debug|ARM64.ActiveCfg = Debug|ARM64
		{92D4A5D4-BC9A-4E5F-B3B2-A470CA360505}.Debug|ARM64.Build.0 = Debug|ARM64
		{92D4A5D4-BC9A-4E5F-B3B2-A470CA360505}.Debug|x64.ActiveCfg = Debug|x64
		{92D4A5D4-BC9A-4E5F-B3B2-A470CA360505}.Debug|x64.Build.0 = Debug|x64
		{92D4A5D4-BC9A-4E5F-B3B2-A470CA360505}.Debug|x86.ActiveCfg = Debug|x86
		{92D4A5D4-BC9A-4E5F-B3B2-A470CA360505}.Debug|x86.Build.0 = Debug|x86
		{92D4A5D4-BC9A-4E5F-B3B2-A470CA360505}.Release|Any CPU.ActiveCfg = Release|Any CPU
		{92D4A5D4-BC9A-4E5F-B3B2-A470CA360505}.Release|Any CPU.Build.0 = Release|Any CPU
		{92D4A5D4-BC9A-4E5F-B3B2-A470CA360505}.Release|ARM.ActiveCfg = Release|Any CPU
		{92D4A5D4-BC9A-4E5F-B3B2-A470CA360505}.Release|ARM.Build.0 = Release|Any CPU
		{92D4A5D4-BC9A-4E5F-B3B2-A470CA360505}.Release|ARM64.ActiveCfg = Release|Any CPU
		{92D4A5D4-BC9A-4E5F-B3B2-A470CA360505}.Release|ARM64.Build.0 = Release|Any CPU
		{92D4A5D4-BC9A-4E5F-B3B2-A470CA360505}.Release|x64.ActiveCfg = Release|Any CPU
		{92D4A5D4-BC9A-4E5F-B3B2-A470CA360505}.Release|x64.Build.0 = Release|Any CPU
		{92D4A5D4-BC9A-4E5F-B3B2-A470CA360505}.Release|x86.ActiveCfg = Release|Any CPU
		{92D4A5D4-BC9A-4E5F-B3B2-A470CA360505}.Release|x86.Build.0 = Release|Any CPU
		{7EC2168E-494D-4710-A659-51C6F4BFE059}.Debug|Any CPU.ActiveCfg = Debug|Any CPU
		{7EC2168E-494D-4710-A659-51C6F4BFE059}.Debug|Any CPU.Build.0 = Debug|Any CPU
		{7EC2168E-494D-4710-A659-51C6F4BFE059}.Debug|ARM.ActiveCfg = Debug|Any CPU
		{7EC2168E-494D-4710-A659-51C6F4BFE059}.Debug|ARM.Build.0 = Debug|Any CPU
		{7EC2168E-494D-4710-A659-51C6F4BFE059}.Debug|ARM64.ActiveCfg = Debug|Any CPU
		{7EC2168E-494D-4710-A659-51C6F4BFE059}.Debug|ARM64.Build.0 = Debug|Any CPU
		{7EC2168E-494D-4710-A659-51C6F4BFE059}.Debug|x64.ActiveCfg = Debug|Any CPU
		{7EC2168E-494D-4710-A659-51C6F4BFE059}.Debug|x64.Build.0 = Debug|Any CPU
		{7EC2168E-494D-4710-A659-51C6F4BFE059}.Debug|x86.ActiveCfg = Debug|Any CPU
		{7EC2168E-494D-4710-A659-51C6F4BFE059}.Debug|x86.Build.0 = Debug|Any CPU
		{7EC2168E-494D-4710-A659-51C6F4BFE059}.Release|Any CPU.ActiveCfg = Release|Any CPU
		{7EC2168E-494D-4710-A659-51C6F4BFE059}.Release|Any CPU.Build.0 = Release|Any CPU
		{7EC2168E-494D-4710-A659-51C6F4BFE059}.Release|ARM.ActiveCfg = Release|Any CPU
		{7EC2168E-494D-4710-A659-51C6F4BFE059}.Release|ARM.Build.0 = Release|Any CPU
		{7EC2168E-494D-4710-A659-51C6F4BFE059}.Release|ARM64.ActiveCfg = Release|Any CPU
		{7EC2168E-494D-4710-A659-51C6F4BFE059}.Release|ARM64.Build.0 = Release|Any CPU
		{7EC2168E-494D-4710-A659-51C6F4BFE059}.Release|x64.ActiveCfg = Release|Any CPU
		{7EC2168E-494D-4710-A659-51C6F4BFE059}.Release|x64.Build.0 = Release|Any CPU
		{7EC2168E-494D-4710-A659-51C6F4BFE059}.Release|x86.ActiveCfg = Release|Any CPU
		{7EC2168E-494D-4710-A659-51C6F4BFE059}.Release|x86.Build.0 = Release|Any CPU
		{B231577F-FAC4-4F2C-ACBB-65EE63C45524}.Debug|Any CPU.ActiveCfg = Debug|Any CPU
		{B231577F-FAC4-4F2C-ACBB-65EE63C45524}.Debug|Any CPU.Build.0 = Debug|Any CPU
		{B231577F-FAC4-4F2C-ACBB-65EE63C45524}.Debug|ARM.ActiveCfg = Debug|Any CPU
		{B231577F-FAC4-4F2C-ACBB-65EE63C45524}.Debug|ARM.Build.0 = Debug|Any CPU
		{B231577F-FAC4-4F2C-ACBB-65EE63C45524}.Debug|ARM64.ActiveCfg = Debug|Any CPU
		{B231577F-FAC4-4F2C-ACBB-65EE63C45524}.Debug|ARM64.Build.0 = Debug|Any CPU
		{B231577F-FAC4-4F2C-ACBB-65EE63C45524}.Debug|x64.ActiveCfg = Debug|Any CPU
		{B231577F-FAC4-4F2C-ACBB-65EE63C45524}.Debug|x64.Build.0 = Debug|Any CPU
		{B231577F-FAC4-4F2C-ACBB-65EE63C45524}.Debug|x86.ActiveCfg = Debug|Any CPU
		{B231577F-FAC4-4F2C-ACBB-65EE63C45524}.Debug|x86.Build.0 = Debug|Any CPU
		{B231577F-FAC4-4F2C-ACBB-65EE63C45524}.Release|Any CPU.ActiveCfg = Release|Any CPU
		{B231577F-FAC4-4F2C-ACBB-65EE63C45524}.Release|Any CPU.Build.0 = Release|Any CPU
		{B231577F-FAC4-4F2C-ACBB-65EE63C45524}.Release|ARM.ActiveCfg = Release|Any CPU
		{B231577F-FAC4-4F2C-ACBB-65EE63C45524}.Release|ARM.Build.0 = Release|Any CPU
		{B231577F-FAC4-4F2C-ACBB-65EE63C45524}.Release|ARM64.ActiveCfg = Release|Any CPU
		{B231577F-FAC4-4F2C-ACBB-65EE63C45524}.Release|ARM64.Build.0 = Release|Any CPU
		{B231577F-FAC4-4F2C-ACBB-65EE63C45524}.Release|x64.ActiveCfg = Release|Any CPU
		{B231577F-FAC4-4F2C-ACBB-65EE63C45524}.Release|x64.Build.0 = Release|Any CPU
		{B231577F-FAC4-4F2C-ACBB-65EE63C45524}.Release|x86.ActiveCfg = Release|Any CPU
		{B231577F-FAC4-4F2C-ACBB-65EE63C45524}.Release|x86.Build.0 = Release|Any CPU
		{743B3512-B4C5-45A0-B36A-14F5DC117A91}.Debug|Any CPU.ActiveCfg = Debug|Any CPU
		{743B3512-B4C5-45A0-B36A-14F5DC117A91}.Debug|Any CPU.Build.0 = Debug|Any CPU
		{743B3512-B4C5-45A0-B36A-14F5DC117A91}.Debug|ARM.ActiveCfg = Debug|Any CPU
		{743B3512-B4C5-45A0-B36A-14F5DC117A91}.Debug|ARM.Build.0 = Debug|Any CPU
		{743B3512-B4C5-45A0-B36A-14F5DC117A91}.Debug|ARM64.ActiveCfg = Debug|Any CPU
		{743B3512-B4C5-45A0-B36A-14F5DC117A91}.Debug|ARM64.Build.0 = Debug|Any CPU
		{743B3512-B4C5-45A0-B36A-14F5DC117A91}.Debug|x64.ActiveCfg = Debug|Any CPU
		{743B3512-B4C5-45A0-B36A-14F5DC117A91}.Debug|x64.Build.0 = Debug|Any CPU
		{743B3512-B4C5-45A0-B36A-14F5DC117A91}.Debug|x86.ActiveCfg = Debug|Any CPU
		{743B3512-B4C5-45A0-B36A-14F5DC117A91}.Debug|x86.Build.0 = Debug|Any CPU
		{743B3512-B4C5-45A0-B36A-14F5DC117A91}.Release|Any CPU.ActiveCfg = Release|Any CPU
		{743B3512-B4C5-45A0-B36A-14F5DC117A91}.Release|Any CPU.Build.0 = Release|Any CPU
		{743B3512-B4C5-45A0-B36A-14F5DC117A91}.Release|ARM.ActiveCfg = Release|Any CPU
		{743B3512-B4C5-45A0-B36A-14F5DC117A91}.Release|ARM.Build.0 = Release|Any CPU
		{743B3512-B4C5-45A0-B36A-14F5DC117A91}.Release|ARM64.ActiveCfg = Release|Any CPU
		{743B3512-B4C5-45A0-B36A-14F5DC117A91}.Release|ARM64.Build.0 = Release|Any CPU
		{743B3512-B4C5-45A0-B36A-14F5DC117A91}.Release|x64.ActiveCfg = Release|Any CPU
		{743B3512-B4C5-45A0-B36A-14F5DC117A91}.Release|x64.Build.0 = Release|Any CPU
		{743B3512-B4C5-45A0-B36A-14F5DC117A91}.Release|x86.ActiveCfg = Release|Any CPU
		{743B3512-B4C5-45A0-B36A-14F5DC117A91}.Release|x86.Build.0 = Release|Any CPU
		{2438D5E5-D7F9-4577-AA33-802B1828A359}.Debug|Any CPU.ActiveCfg = Debug|x86
		{2438D5E5-D7F9-4577-AA33-802B1828A359}.Debug|ARM.ActiveCfg = Debug|x86
		{2438D5E5-D7F9-4577-AA33-802B1828A359}.Debug|ARM64.ActiveCfg = Debug|arm64
		{2438D5E5-D7F9-4577-AA33-802B1828A359}.Debug|ARM64.Build.0 = Debug|arm64
		{2438D5E5-D7F9-4577-AA33-802B1828A359}.Debug|ARM64.Deploy.0 = Debug|arm64
		{2438D5E5-D7F9-4577-AA33-802B1828A359}.Debug|x64.ActiveCfg = Debug|x64
		{2438D5E5-D7F9-4577-AA33-802B1828A359}.Debug|x64.Build.0 = Debug|x64
		{2438D5E5-D7F9-4577-AA33-802B1828A359}.Debug|x64.Deploy.0 = Debug|x64
		{2438D5E5-D7F9-4577-AA33-802B1828A359}.Debug|x86.ActiveCfg = Debug|x86
		{2438D5E5-D7F9-4577-AA33-802B1828A359}.Debug|x86.Build.0 = Debug|x86
		{2438D5E5-D7F9-4577-AA33-802B1828A359}.Debug|x86.Deploy.0 = Debug|x86
		{2438D5E5-D7F9-4577-AA33-802B1828A359}.Release|Any CPU.ActiveCfg = Release|x86
		{2438D5E5-D7F9-4577-AA33-802B1828A359}.Release|ARM.ActiveCfg = Release|x86
		{2438D5E5-D7F9-4577-AA33-802B1828A359}.Release|ARM64.ActiveCfg = Release|arm64
		{2438D5E5-D7F9-4577-AA33-802B1828A359}.Release|ARM64.Build.0 = Release|arm64
		{2438D5E5-D7F9-4577-AA33-802B1828A359}.Release|ARM64.Deploy.0 = Release|arm64
		{2438D5E5-D7F9-4577-AA33-802B1828A359}.Release|x64.ActiveCfg = Release|x64
		{2438D5E5-D7F9-4577-AA33-802B1828A359}.Release|x64.Build.0 = Release|x64
		{2438D5E5-D7F9-4577-AA33-802B1828A359}.Release|x64.Deploy.0 = Release|x64
		{2438D5E5-D7F9-4577-AA33-802B1828A359}.Release|x86.ActiveCfg = Release|x86
		{2438D5E5-D7F9-4577-AA33-802B1828A359}.Release|x86.Build.0 = Release|x86
		{2438D5E5-D7F9-4577-AA33-802B1828A359}.Release|x86.Deploy.0 = Release|x86
		{808CA196-0831-47C7-8E38-5F7807C9E705}.Debug|Any CPU.ActiveCfg = Debug|Any CPU
		{808CA196-0831-47C7-8E38-5F7807C9E705}.Debug|Any CPU.Build.0 = Debug|Any CPU
		{808CA196-0831-47C7-8E38-5F7807C9E705}.Debug|ARM.ActiveCfg = Debug|Any CPU
		{808CA196-0831-47C7-8E38-5F7807C9E705}.Debug|ARM.Build.0 = Debug|Any CPU
		{808CA196-0831-47C7-8E38-5F7807C9E705}.Debug|ARM64.ActiveCfg = Debug|Any CPU
		{808CA196-0831-47C7-8E38-5F7807C9E705}.Debug|ARM64.Build.0 = Debug|Any CPU
		{808CA196-0831-47C7-8E38-5F7807C9E705}.Debug|x64.ActiveCfg = Debug|Any CPU
		{808CA196-0831-47C7-8E38-5F7807C9E705}.Debug|x64.Build.0 = Debug|Any CPU
		{808CA196-0831-47C7-8E38-5F7807C9E705}.Debug|x86.ActiveCfg = Debug|Any CPU
		{808CA196-0831-47C7-8E38-5F7807C9E705}.Debug|x86.Build.0 = Debug|Any CPU
		{808CA196-0831-47C7-8E38-5F7807C9E705}.Release|Any CPU.ActiveCfg = Release|Any CPU
		{808CA196-0831-47C7-8E38-5F7807C9E705}.Release|Any CPU.Build.0 = Release|Any CPU
		{808CA196-0831-47C7-8E38-5F7807C9E705}.Release|ARM.ActiveCfg = Release|Any CPU
		{808CA196-0831-47C7-8E38-5F7807C9E705}.Release|ARM.Build.0 = Release|Any CPU
		{808CA196-0831-47C7-8E38-5F7807C9E705}.Release|ARM64.ActiveCfg = Release|Any CPU
		{808CA196-0831-47C7-8E38-5F7807C9E705}.Release|ARM64.Build.0 = Release|Any CPU
		{808CA196-0831-47C7-8E38-5F7807C9E705}.Release|x64.ActiveCfg = Release|Any CPU
		{808CA196-0831-47C7-8E38-5F7807C9E705}.Release|x64.Build.0 = Release|Any CPU
		{808CA196-0831-47C7-8E38-5F7807C9E705}.Release|x86.ActiveCfg = Release|Any CPU
		{808CA196-0831-47C7-8E38-5F7807C9E705}.Release|x86.Build.0 = Release|Any CPU
	EndGlobalSection
	GlobalSection(SolutionProperties) = preSolution
		HideSolutionNode = FALSE
	EndGlobalSection
	GlobalSection(NestedProjects) = preSolution
		{7FC21573-6B0F-4B5B-BAE5-AF80546C0D79} = {A6FEC513-6706-44AF-B200-D40836E32C19}
		{9918633D-4C2A-463D-A4CA-C8FC095A820C} = {A6FEC513-6706-44AF-B200-D40836E32C19}
		{24521084-12C2-4290-B715-44CB563CB3DC} = {A6FEC513-6706-44AF-B200-D40836E32C19}
		{7EC2168E-494D-4710-A659-51C6F4BFE059} = {56C24CCE-3389-42E0-95F0-30B154BF421B}
		{B231577F-FAC4-4F2C-ACBB-65EE63C45524} = {A6FEC513-6706-44AF-B200-D40836E32C19}
		{743B3512-B4C5-45A0-B36A-14F5DC117A91} = {A6FEC513-6706-44AF-B200-D40836E32C19}
		{808CA196-0831-47C7-8E38-5F7807C9E705} = {A6FEC513-6706-44AF-B200-D40836E32C19}
	EndGlobalSection
	GlobalSection(ExtensibilityGlobals) = postSolution
		SolutionGuid = {DAB9771E-34BB-4E5E-95EA-D7538346B7C4}
	EndGlobalSection
EndGlobal
